// !$*UTF8*$!
{
	archiveVersion = 1;
	classes = {
	};
	objectVersion = 77;
	objects = {

/* Begin PBXBuildFile section */
		7E90739A2DBD3732005BC8AF /* FirebaseAnalytics in Frameworks */ = {isa = PBXBuildFile; productRef = 7E9073992DBD3732005BC8AF /* FirebaseAnalytics */; };
		7E90739C2DBD3732005BC8AF /* FirebaseAnalyticsOnDeviceConversion in Frameworks */ = {isa = PBXBuildFile; productRef = 7E90739B2DBD3732005BC8AF /* FirebaseAnalyticsOnDeviceConversion */; };
		7E90739E2DBD3732005BC8AF /* FirebaseAnalyticsWithoutAdIdSupport in Frameworks */ = {isa = PBXBuildFile; productRef = 7E90739D2DBD3732005BC8AF /* FirebaseAnalyticsWithoutAdIdSupport */; };
		7E9073A02DBD3732005BC8AF /* FirebaseAppCheck in Frameworks */ = {isa = PBXBuildFile; productRef = 7E90739F2DBD3732005BC8AF /* FirebaseAppCheck */; };
		7E9073A22DBD3732005BC8AF /* FirebaseAppDistribution-Beta in Frameworks */ = {isa = PBXBuildFile; productRef = 7E9073A12DBD3732005BC8AF /* FirebaseAppDistribution-Beta */; };
		7E9073A42DBD3732005BC8AF /* FirebaseAuth in Frameworks */ = {isa = PBXBuildFile; productRef = 7E9073A32DBD3732005BC8AF /* FirebaseAuth */; };
		7E9073A62DBD3732005BC8AF /* FirebaseAuthCombine-Community in Frameworks */ = {isa = PBXBuildFile; productRef = 7E9073A52DBD3732005BC8AF /* FirebaseAuthCombine-Community */; };
		7E9073A82DBD3732005BC8AF /* FirebaseCore in Frameworks */ = {isa = PBXBuildFile; productRef = 7E9073A72DBD3732005BC8AF /* FirebaseCore */; };
		7E9073AA2DBD3732005BC8AF /* FirebaseCrashlytics in Frameworks */ = {isa = PBXBuildFile; productRef = 7E9073A92DBD3732005BC8AF /* FirebaseCrashlytics */; };
		7E9073AC2DBD3732005BC8AF /* FirebaseDatabase in Frameworks */ = {isa = PBXBuildFile; productRef = 7E9073AB2DBD3732005BC8AF /* FirebaseDatabase */; };
		7E9073AE2DBD3732005BC8AF /* FirebaseDynamicLinks in Frameworks */ = {isa = PBXBuildFile; productRef = 7E9073AD2DBD3732005BC8AF /* FirebaseDynamicLinks */; };
		7E9073B02DBD3732005BC8AF /* FirebaseFirestore in Frameworks */ = {isa = PBXBuildFile; productRef = 7E9073AF2DBD3732005BC8AF /* FirebaseFirestore */; };
		7E9073B22DBD3732005BC8AF /* FirebaseFirestoreCombine-Community in Frameworks */ = {isa = PBXBuildFile; productRef = 7E9073B12DBD3732005BC8AF /* FirebaseFirestoreCombine-Community */; };
		7E9073B42DBD3732005BC8AF /* FirebaseFunctions in Frameworks */ = {isa = PBXBuildFile; productRef = 7E9073B32DBD3732005BC8AF /* FirebaseFunctions */; };
		7E9073B62DBD3732005BC8AF /* FirebaseFunctionsCombine-Community in Frameworks */ = {isa = PBXBuildFile; productRef = 7E9073B52DBD3732005BC8AF /* FirebaseFunctionsCombine-Community */; };
		7E9073B82DBD3732005BC8AF /* FirebaseInAppMessaging-Beta in Frameworks */ = {isa = PBXBuildFile; productRef = 7E9073B72DBD3732005BC8AF /* FirebaseInAppMessaging-Beta */; };
		7E9073BA2DBD3732005BC8AF /* FirebaseInstallations in Frameworks */ = {isa = PBXBuildFile; productRef = 7E9073B92DBD3732005BC8AF /* FirebaseInstallations */; };
		7E9073BC2DBD3732005BC8AF /* FirebaseMLModelDownloader in Frameworks */ = {isa = PBXBuildFile; productRef = 7E9073BB2DBD3732005BC8AF /* FirebaseMLModelDownloader */; };
		7E9073BE2DBD3732005BC8AF /* FirebaseMessaging in Frameworks */ = {isa = PBXBuildFile; productRef = 7E9073BD2DBD3732005BC8AF /* FirebaseMessaging */; };
		7E9073C02DBD3732005BC8AF /* FirebasePerformance in Frameworks */ = {isa = PBXBuildFile; productRef = 7E9073BF2DBD3732005BC8AF /* FirebasePerformance */; };
		7E9073C22DBD3732005BC8AF /* FirebaseRemoteConfig in Frameworks */ = {isa = PBXBuildFile; productRef = 7E9073C12DBD3732005BC8AF /* FirebaseRemoteConfig */; };
		7E9073C42DBD3732005BC8AF /* FirebaseStorage in Frameworks */ = {isa = PBXBuildFile; productRef = 7E9073C32DBD3732005BC8AF /* FirebaseStorage */; };
		7E9073C62DBD3732005BC8AF /* FirebaseStorageCombine-Community in Frameworks */ = {isa = PBXBuildFile; productRef = 7E9073C52DBD3732005BC8AF /* FirebaseStorageCombine-Community */; };
		7E9073C82DBD3732005BC8AF /* FirebaseVertexAI in Frameworks */ = {isa = PBXBuildFile; productRef = 7E9073C72DBD3732005BC8AF /* FirebaseVertexAI */; };
		7EBBFB9C2DC3958D00766E0A /* Kingfisher in Frameworks */ = {isa = PBXBuildFile; productRef = 7EBBFB9B2DC3958D00766E0A /* Kingfisher */; };
		7EBBFBA52DCFD19800766E0A /* AnyCodable in Frameworks */ = {isa = PBXBuildFile; productRef = 7EBBFBA42DCFD19800766E0A /* AnyCodable */; };
		7EE8E9382DBEB5CC00005553 /* GoogleSignIn in Frameworks */ = {isa = PBXBuildFile; productRef = 7EE8E9372DBEB5CC00005553 /* GoogleSignIn */; };
		7EE8E93A2DBEB5CC00005553 /* GoogleSignInSwift in Frameworks */ = {isa = PBXBuildFile; productRef = 7EE8E9392DBEB5CC00005553 /* GoogleSignInSwift */; };
		7EEBA81F2FA6EADC0060FDD5 /* Clip.app in Embed App Clips */ = {isa = PBXBuildFile; fileRef = 7EEBA7FD2FA6EAD90060FDD5 /* Clip.app */; settings = {ATTRIBUTES = (RemoveHeadersOnCopy, ); }; };
/* End PBXBuildFile section */

/* Begin PBXContainerItemProxy section */
		7E5133562DB92A0100E469BF /* PBXContainerItemProxy */ = {
			isa = PBXContainerItemProxy;
			containerPortal = 7E5133392DB929FE00E469BF /* Project object */;
			proxyType = 1;
			remoteGlobalIDString = 7E5133402DB929FE00E469BF;
			remoteInfo = CougarQuest;
		};
		7E5133602DB92A0100E469BF /* PBXContainerItemProxy */ = {
			isa = PBXContainerItemProxy;
			containerPortal = 7E5133392DB929FE00E469BF /* Project object */;
			proxyType = 1;
			remoteGlobalIDString = 7E5133402DB929FE00E469BF;
			remoteInfo = CougarQuest;
		};
		7EEBA80C2FA6EADC0060FDD5 /* PBXContainerItemProxy */ = {
			isa = PBXContainerItemProxy;
			containerPortal = 7E5133392DB929FE00E469BF /* Project object */;
			proxyType = 1;
			remoteGlobalIDString = 7EEBA7FC2FA6EAD90060FDD5;
			remoteInfo = Clip;
		};
		7EEBA8162FA6EADC0060FDD5 /* PBXContainerItemProxy */ = {
			isa = PBXContainerItemProxy;
			containerPortal = 7E5133392DB929FE00E469BF /* Project object */;
			proxyType = 1;
			remoteGlobalIDString = 7EEBA7FC2FA6EAD90060FDD5;
			remoteInfo = Clip;
		};
		7EEBA81D2FA6EADC0060FDD5 /* PBXContainerItemProxy */ = {
			isa = PBXContainerItemProxy;
			containerPortal = 7E5133392DB929FE00E469BF /* Project object */;
			proxyType = 1;
			remoteGlobalIDString = 7EEBA7FC2FA6EAD90060FDD5;
			remoteInfo = Clip;
		};
/* End PBXContainerItemProxy section */

/* Begin PBXCopyFilesBuildPhase section */
		7EEBA8242FA6EADC0060FDD5 /* Embed App Clips */ = {
			isa = PBXCopyFilesBuildPhase;
			buildActionMask = 2147483647;
			dstPath = "$(CONTENTS_FOLDER_PATH)/AppClips";
			dstSubfolderSpec = 16;
			files = (
				7EEBA81F2FA6EADC0060FDD5 /* Clip.app in Embed App Clips */,
			);
			name = "Embed App Clips";
			runOnlyForDeploymentPostprocessing = 0;
		};
/* End PBXCopyFilesBuildPhase section */

/* Begin PBXFileReference section */
		7E5133412DB929FE00E469BF /* CougarQuest.app */ = {isa = PBXFileReference; explicitFileType = wrapper.application; includeInIndex = 0; path = CougarQuest.app; sourceTree = BUILT_PRODUCTS_DIR; };
		7E5133552DB92A0100E469BF /* CougarQuestTests.xctest */ = {isa = PBXFileReference; explicitFileType = wrapper.cfbundle; includeInIndex = 0; path = CougarQuestTests.xctest; sourceTree = BUILT_PRODUCTS_DIR; };
		7E51335F2DB92A0100E469BF /* CougarQuestUITests.xctest */ = {isa = PBXFileReference; explicitFileType = wrapper.cfbundle; includeInIndex = 0; path = CougarQuestUITests.xctest; sourceTree = BUILT_PRODUCTS_DIR; };
		7EEBA7FD2FA6EAD90060FDD5 /* Clip.app */ = {isa = PBXFileReference; explicitFileType = wrapper.application; includeInIndex = 0; path = Clip.app; sourceTree = BUILT_PRODUCTS_DIR; };
		7EEBA80B2FA6EADC0060FDD5 /* ClipTests.xctest */ = {isa = PBXFileReference; explicitFileType = wrapper.cfbundle; includeInIndex = 0; path = ClipTests.xctest; sourceTree = BUILT_PRODUCTS_DIR; };
		7EEBA8152FA6EADC0060FDD5 /* ClipUITests.xctest */ = {isa = PBXFileReference; explicitFileType = wrapper.cfbundle; includeInIndex = 0; path = ClipUITests.xctest; sourceTree = BUILT_PRODUCTS_DIR; };
/* End PBXFileReference section */

/* Begin PBXFileSystemSynchronizedBuildFileExceptionSet section */
		7E5133672DB92A0100E469BF /* Exceptions for "CougarQuest" folder in "CougarQuest" target */ = {
			isa = PBXFileSystemSynchronizedBuildFileExceptionSet;
			membershipExceptions = (
				Info.plist,
			);
			target = 7E5133402DB929FE00E469BF /* CougarQuest */;
		};
		7EEBA8232FA6EADC0060FDD5 /* Exceptions for "Clip" folder in "Clip" target */ = {
			isa = PBXFileSystemSynchronizedBuildFileExceptionSet;
			membershipExceptions = (
				Info.plist,
			);
			target = 7EEBA7FC2FA6EAD90060FDD5 /* Clip */;
		};
/* End PBXFileSystemSynchronizedBuildFileExceptionSet section */

/* Begin PBXFileSystemSynchronizedRootGroup section */
		7E5133432DB929FE00E469BF /* CougarQuest */ = {
			isa = PBXFileSystemSynchronizedRootGroup;
			exceptions = (
				7E5133672DB92A0100E469BF /* Exceptions for "CougarQuest" folder in "CougarQuest" target */,
			);
			path = CougarQuest;
			sourceTree = "<group>";
		};
		7E5133582DB92A0100E469BF /* CougarQuestTests */ = {
			isa = PBXFileSystemSynchronizedRootGroup;
			path = CougarQuestTests;
			sourceTree = "<group>";
		};
		7E5133622DB92A0100E469BF /* CougarQuestUITests */ = {
			isa = PBXFileSystemSynchronizedRootGroup;
			path = CougarQuestUITests;
			sourceTree = "<group>";
		};
		7EEBA7FE2FA6EAD90060FDD5 /* Clip */ = {
			isa = PBXFileSystemSynchronizedRootGroup;
			exceptions = (
				7EEBA8232FA6EADC0060FDD5 /* Exceptions for "Clip" folder in "Clip" target */,
			);
			path = Clip;
			sourceTree = "<group>";
		};
		7EEBA80E2FA6EADC0060FDD5 /* ClipTests */ = {
			isa = PBXFileSystemSynchronizedRootGroup;
			path = ClipTests;
			sourceTree = "<group>";
		};
		7EEBA8182FA6EADC0060FDD5 /* ClipUITests */ = {
			isa = PBXFileSystemSynchronizedRootGroup;
			path = ClipUITests;
			sourceTree = "<group>";
		};
/* End PBXFileSystemSynchronizedRootGroup section */

/* Begin PBXFrameworksBuildPhase section */
		7E51333E2DB929FE00E469BF /* Frameworks */ = {
			isa = PBXFrameworksBuildPhase;
			buildActionMask = 2147483647;
			files = (
				7E9073B22DBD3732005BC8AF /* FirebaseFirestoreCombine-Community in Frameworks */,
				7E9073C82DBD3732005BC8AF /* FirebaseVertexAI in Frameworks */,
				7E9073B42DBD3732005BC8AF /* FirebaseFunctions in Frameworks */,
				7E9073C02DBD3732005BC8AF /* FirebasePerformance in Frameworks */,
				7E9073C62DBD3732005BC8AF /* FirebaseStorageCombine-Community in Frameworks */,
				7EE8E93A2DBEB5CC00005553 /* GoogleSignInSwift in Frameworks */,
				7E9073C22DBD3732005BC8AF /* FirebaseRemoteConfig in Frameworks */,
				7E9073AC2DBD3732005BC8AF /* FirebaseDatabase in Frameworks */,
				7E9073AE2DBD3732005BC8AF /* FirebaseDynamicLinks in Frameworks */,
				7E9073A02DBD3732005BC8AF /* FirebaseAppCheck in Frameworks */,
				7E9073A42DBD3732005BC8AF /* FirebaseAuth in Frameworks */,
				7E90739A2DBD3732005BC8AF /* FirebaseAnalytics in Frameworks */,
				7E9073B02DBD3732005BC8AF /* FirebaseFirestore in Frameworks */,
				7E9073BE2DBD3732005BC8AF /* FirebaseMessaging in Frameworks */,
				7E9073BA2DBD3732005BC8AF /* FirebaseInstallations in Frameworks */,
				7E9073B62DBD3732005BC8AF /* FirebaseFunctionsCombine-Community in Frameworks */,
				7EE8E9382DBEB5CC00005553 /* GoogleSignIn in Frameworks */,
				7E9073A22DBD3732005BC8AF /* FirebaseAppDistribution-Beta in Frameworks */,
				7E90739E2DBD3732005BC8AF /* FirebaseAnalyticsWithoutAdIdSupport in Frameworks */,
				7E9073B82DBD3732005BC8AF /* FirebaseInAppMessaging-Beta in Frameworks */,
				7EBBFBA52DCFD19800766E0A /* AnyCodable in Frameworks */,
				7E9073A62DBD3732005BC8AF /* FirebaseAuthCombine-Community in Frameworks */,
				7EBBFB9C2DC3958D00766E0A /* Kingfisher in Frameworks */,
				7E9073AA2DBD3732005BC8AF /* FirebaseCrashlytics in Frameworks */,
				7E9073BC2DBD3732005BC8AF /* FirebaseMLModelDownloader in Frameworks */,
				7E9073C42DBD3732005BC8AF /* FirebaseStorage in Frameworks */,
				7E9073A82DBD3732005BC8AF /* FirebaseCore in Frameworks */,
				7E90739C2DBD3732005BC8AF /* FirebaseAnalyticsOnDeviceConversion in Frameworks */,
			);
			runOnlyForDeploymentPostprocessing = 0;
		};
		7E5133522DB92A0100E469BF /* Frameworks */ = {
			isa = PBXFrameworksBuildPhase;
			buildActionMask = 2147483647;
			files = (
			);
			runOnlyForDeploymentPostprocessing = 0;
		};
		7E51335C2DB92A0100E469BF /* Frameworks */ = {
			isa = PBXFrameworksBuildPhase;
			buildActionMask = 2147483647;
			files = (
			);
			runOnlyForDeploymentPostprocessing = 0;
		};
		7EEBA7FA2FA6EAD90060FDD5 /* Frameworks */ = {
			isa = PBXFrameworksBuildPhase;
			buildActionMask = 2147483647;
			files = (
			);
			runOnlyForDeploymentPostprocessing = 0;
		};
		7EEBA8082FA6EADC0060FDD5 /* Frameworks */ = {
			isa = PBXFrameworksBuildPhase;
			buildActionMask = 2147483647;
			files = (
			);
			runOnlyForDeploymentPostprocessing = 0;
		};
		7EEBA8122FA6EADC0060FDD5 /* Frameworks */ = {
			isa = PBXFrameworksBuildPhase;
			buildActionMask = 2147483647;
			files = (
			);
			runOnlyForDeploymentPostprocessing = 0;
		};
/* End PBXFrameworksBuildPhase section */

/* Begin PBXGroup section */
		7E5133382DB929FE00E469BF = {
			isa = PBXGroup;
			children = (
				7E5133432DB929FE00E469BF /* CougarQuest */,
				7E5133582DB92A0100E469BF /* CougarQuestTests */,
				7E5133622DB92A0100E469BF /* CougarQuestUITests */,
				7EEBA7FE2FA6EAD90060FDD5 /* Clip */,
				7EEBA80E2FA6EADC0060FDD5 /* ClipTests */,
				7EEBA8182FA6EADC0060FDD5 /* ClipUITests */,
				7E5133422DB929FE00E469BF /* Products */,
			);
			sourceTree = "<group>";
		};
		7E5133422DB929FE00E469BF /* Products */ = {
			isa = PBXGroup;
			children = (
				7E5133412DB929FE00E469BF /* CougarQuest.app */,
				7E5133552DB92A0100E469BF /* CougarQuestTests.xctest */,
				7E51335F2DB92A0100E469BF /* CougarQuestUITests.xctest */,
				7EEBA7FD2FA6EAD90060FDD5 /* Clip.app */,
				7EEBA80B2FA6EADC0060FDD5 /* ClipTests.xctest */,
				7EEBA8152FA6EADC0060FDD5 /* ClipUITests.xctest */,
			);
			name = Products;
			sourceTree = "<group>";
		};
/* End PBXGroup section */

/* Begin PBXNativeTarget section */
		7E5133402DB929FE00E469BF /* CougarQuest */ = {
			isa = PBXNativeTarget;
			buildConfigurationList = 7E5133682DB92A0100E469BF /* Build configuration list for PBXNativeTarget "CougarQuest" */;
			buildPhases = (
				7E51333D2DB929FE00E469BF /* Sources */,
				7E51333E2DB929FE00E469BF /* Frameworks */,
				7E51333F2DB929FE00E469BF /* Resources */,
				7EEBA8242FA6EADC0060FDD5 /* Embed App Clips */,
			);
			buildRules = (
			);
			dependencies = (
				7EEBA81E2FA6EADC0060FDD5 /* PBXTargetDependency */,
			);
			fileSystemSynchronizedGroups = (
				7E5133432DB929FE00E469BF /* CougarQuest */,
			);
			name = CougarQuest;
			packageProductDependencies = (
				7E9073992DBD3732005BC8AF /* FirebaseAnalytics */,
				7E90739B2DBD3732005BC8AF /* FirebaseAnalyticsOnDeviceConversion */,
				7E90739D2DBD3732005BC8AF /* FirebaseAnalyticsWithoutAdIdSupport */,
				7E90739F2DBD3732005BC8AF /* FirebaseAppCheck */,
				7E9073A12DBD3732005BC8AF /* FirebaseAppDistribution-Beta */,
				7E9073A32DBD3732005BC8AF /* FirebaseAuth */,
				7E9073A52DBD3732005BC8AF /* FirebaseAuthCombine-Community */,
				7E9073A72DBD3732005BC8AF /* FirebaseCore */,
				7E9073A92DBD3732005BC8AF /* FirebaseCrashlytics */,
				7E9073AB2DBD3732005BC8AF /* FirebaseDatabase */,
				7E9073AD2DBD3732005BC8AF /* FirebaseDynamicLinks */,
				7E9073AF2DBD3732005BC8AF /* FirebaseFirestore */,
				7E9073B12DBD3732005BC8AF /* FirebaseFirestoreCombine-Community */,
				7E9073B32DBD3732005BC8AF /* FirebaseFunctions */,
				7E9073B52DBD3732005BC8AF /* FirebaseFunctionsCombine-Community */,
				7E9073B72DBD3732005BC8AF /* FirebaseInAppMessaging-Beta */,
				7E9073B92DBD3732005BC8AF /* FirebaseInstallations */,
				7E9073BB2DBD3732005BC8AF /* FirebaseMLModelDownloader */,
				7E9073BD2DBD3732005BC8AF /* FirebaseMessaging */,
				7E9073BF2DBD3732005BC8AF /* FirebasePerformance */,
				7E9073C12DBD3732005BC8AF /* FirebaseRemoteConfig */,
				7E9073C32DBD3732005BC8AF /* FirebaseStorage */,
				7E9073C52DBD3732005BC8AF /* FirebaseStorageCombine-Community */,
				7E9073C72DBD3732005BC8AF /* FirebaseVertexAI */,
				7EE8E9372DBEB5CC00005553 /* GoogleSignIn */,
				7EE8E9392DBEB5CC00005553 /* GoogleSignInSwift */,
				7EBBFB9B2DC3958D00766E0A /* Kingfisher */,
				7EBBFBA42DCFD19800766E0A /* AnyCodable */,
			);
			productName = CougarQuest;
			productReference = 7E5133412DB929FE00E469BF /* CougarQuest.app */;
			productType = "com.apple.product-type.application";
		};
		7E5133542DB92A0100E469BF /* CougarQuestTests */ = {
			isa = PBXNativeTarget;
			buildConfigurationList = 7E51336D2DB92A0100E469BF /* Build configuration list for PBXNativeTarget "CougarQuestTests" */;
			buildPhases = (
				7E5133512DB92A0100E469BF /* Sources */,
				7E5133522DB92A0100E469BF /* Frameworks */,
				7E5133532DB92A0100E469BF /* Resources */,
			);
			buildRules = (
			);
			dependencies = (
				7E5133572DB92A0100E469BF /* PBXTargetDependency */,
			);
			fileSystemSynchronizedGroups = (
				7E5133582DB92A0100E469BF /* CougarQuestTests */,
			);
			name = CougarQuestTests;
			packageProductDependencies = (
			);
			productName = CougarQuestTests;
			productReference = 7E5133552DB92A0100E469BF /* CougarQuestTests.xctest */;
			productType = "com.apple.product-type.bundle.unit-test";
		};
		7E51335E2DB92A0100E469BF /* CougarQuestUITests */ = {
			isa = PBXNativeTarget;
			buildConfigurationList = 7E5133702DB92A0100E469BF /* Build configuration list for PBXNativeTarget "CougarQuestUITests" */;
			buildPhases = (
				7E51335B2DB92A0100E469BF /* Sources */,
				7E51335C2DB92A0100E469BF /* Frameworks */,
				7E51335D2DB92A0100E469BF /* Resources */,
			);
			buildRules = (
			);
			dependencies = (
				7E5133612DB92A0100E469BF /* PBXTargetDependency */,
			);
			fileSystemSynchronizedGroups = (
				7E5133622DB92A0100E469BF /* CougarQuestUITests */,
			);
			name = CougarQuestUITests;
			packageProductDependencies = (
			);
			productName = CougarQuestUITests;
			productReference = 7E51335F2DB92A0100E469BF /* CougarQuestUITests.xctest */;
			productType = "com.apple.product-type.bundle.ui-testing";
		};
		7EEBA7FC2FA6EAD90060FDD5 /* Clip */ = {
			isa = PBXNativeTarget;
			buildConfigurationList = 7EEBA8202FA6EADC0060FDD5 /* Build configuration list for PBXNativeTarget "Clip" */;
			buildPhases = (
				7EEBA7F92FA6EAD90060FDD5 /* Sources */,
				7EEBA7FA2FA6EAD90060FDD5 /* Frameworks */,
				7EEBA7FB2FA6EAD90060FDD5 /* Resources */,
			);
			buildRules = (
			);
			dependencies = (
			);
			fileSystemSynchronizedGroups = (
				7EEBA7FE2FA6EAD90060FDD5 /* Clip */,
			);
			name = Clip;
			packageProductDependencies = (
			);
			productName = Clip;
			productReference = 7EEBA7FD2FA6EAD90060FDD5 /* Clip.app */;
			productType = "com.apple.product-type.application.on-demand-install-capable";
		};
		7EEBA80A2FA6EADC0060FDD5 /* ClipTests */ = {
			isa = PBXNativeTarget;
			buildConfigurationList = 7EEBA8252FA6EADC0060FDD5 /* Build configuration list for PBXNativeTarget "ClipTests" */;
			buildPhases = (
				7EEBA8072FA6EADC0060FDD5 /* Sources */,
				7EEBA8082FA6EADC0060FDD5 /* Frameworks */,
				7EEBA8092FA6EADC0060FDD5 /* Resources */,
			);
			buildRules = (
			);
			dependencies = (
				7EEBA80D2FA6EADC0060FDD5 /* PBXTargetDependency */,
			);
			fileSystemSynchronizedGroups = (
				7EEBA80E2FA6EADC0060FDD5 /* ClipTests */,
			);
			name = ClipTests;
			packageProductDependencies = (
			);
			productName = ClipTests;
			productReference = 7EEBA80B2FA6EADC0060FDD5 /* ClipTests.xctest */;
			productType = "com.apple.product-type.bundle.unit-test";
		};
		7EEBA8142FA6EADC0060FDD5 /* ClipUITests */ = {
			isa = PBXNativeTarget;
			buildConfigurationList = 7EEBA8282FA6EADC0060FDD5 /* Build configuration list for PBXNativeTarget "ClipUITests" */;
			buildPhases = (
				7EEBA8112FA6EADC0060FDD5 /* Sources */,
				7EEBA8122FA6EADC0060FDD5 /* Frameworks */,
				7EEBA8132FA6EADC0060FDD5 /* Resources */,
			);
			buildRules = (
			);
			dependencies = (
				7EEBA8172FA6EADC0060FDD5 /* PBXTargetDependency */,
			);
			fileSystemSynchronizedGroups = (
				7EEBA8182FA6EADC0060FDD5 /* ClipUITests */,
			);
			name = ClipUITests;
			packageProductDependencies = (
			);
			productName = ClipUITests;
			productReference = 7EEBA8152FA6EADC0060FDD5 /* ClipUITests.xctest */;
			productType = "com.apple.product-type.bundle.ui-testing";
		};
/* End PBXNativeTarget section */

/* Begin PBXProject section */
		7E5133392DB929FE00E469BF /* Project object */ = {
			isa = PBXProject;
			attributes = {
				BuildIndependentTargetsInParallel = 1;
				LastSwiftUpdateCheck = 2640;
				LastUpgradeCheck = 2600;
				TargetAttributes = {
					7E5133402DB929FE00E469BF = {
						CreatedOnToolsVersion = 16.2;
					};
					7E5133542DB92A0100E469BF = {
						CreatedOnToolsVersion = 16.2;
						TestTargetID = 7E5133402DB929FE00E469BF;
					};
					7E51335E2DB92A0100E469BF = {
						CreatedOnToolsVersion = 16.2;
						TestTargetID = 7E5133402DB929FE00E469BF;
					};
					7EEBA7FC2FA6EAD90060FDD5 = {
						CreatedOnToolsVersion = 26.4.1;
					};
					7EEBA80A2FA6EADC0060FDD5 = {
						CreatedOnToolsVersion = 26.4.1;
						TestTargetID = 7EEBA7FC2FA6EAD90060FDD5;
					};
					7EEBA8142FA6EADC0060FDD5 = {
						CreatedOnToolsVersion = 26.4.1;
						TestTargetID = 7EEBA7FC2FA6EAD90060FDD5;
					};
				};
			};
			buildConfigurationList = 7E51333C2DB929FE00E469BF /* Build configuration list for PBXProject "CougarQuest" */;
			developmentRegion = en;
			hasScannedForEncodings = 0;
			knownRegions = (
				en,
				Base,
			);
			mainGroup = 7E5133382DB929FE00E469BF;
			minimizedProjectReferenceProxies = 1;
			packageReferences = (
				7E9073982DBD3732005BC8AF /* XCRemoteSwiftPackageReference "firebase-ios-sdk" */,
				7EE8E9362DBEB5CC00005553 /* XCRemoteSwiftPackageReference "GoogleSignIn-iOS" */,
				7EBBFB9A2DC3958D00766E0A /* XCRemoteSwiftPackageReference "Kingfisher" */,
				7EBBFBA32DCFD19800766E0A /* XCRemoteSwiftPackageReference "AnyCodable" */,
			);
			preferredProjectObjectVersion = 77;
			productRefGroup = 7E5133422DB929FE00E469BF /* Products */;
			projectDirPath = "";
			projectRoot = "";
			targets = (
				7E5133402DB929FE00E469BF /* CougarQuest */,
				7E5133542DB92A0100E469BF /* CougarQuestTests */,
				7E51335E2DB92A0100E469BF /* CougarQuestUITests */,
				7EEBA7FC2FA6EAD90060FDD5 /* Clip */,
				7EEBA80A2FA6EADC0060FDD5 /* ClipTests */,
				7EEBA8142FA6EADC0060FDD5 /* ClipUITests */,
			);
		};
/* End PBXProject section */

/* Begin PBXResourcesBuildPhase section */
		7E51333F2DB929FE00E469BF /* Resources */ = {
			isa = PBXResourcesBuildPhase;
			buildActionMask = 2147483647;
			files = (
			);
			runOnlyForDeploymentPostprocessing = 0;
		};
		7E5133532DB92A0100E469BF /* Resources */ = {
			isa = PBXResourcesBuildPhase;
			buildActionMask = 2147483647;
			files = (
			);
			runOnlyForDeploymentPostprocessing = 0;
		};
		7E51335D2DB92A0100E469BF /* Resources */ = {
			isa = PBXResourcesBuildPhase;
			buildActionMask = 2147483647;
			files = (
			);
			runOnlyForDeploymentPostprocessing = 0;
		};
		7EEBA7FB2FA6EAD90060FDD5 /* Resources */ = {
			isa = PBXResourcesBuildPhase;
			buildActionMask = 2147483647;
			files = (
			);
			runOnlyForDeploymentPostprocessing = 0;
		};
		7EEBA8092FA6EADC0060FDD5 /* Resources */ = {
			isa = PBXResourcesBuildPhase;
			buildActionMask = 2147483647;
			files = (
			);
			runOnlyForDeploymentPostprocessing = 0;
		};
		7EEBA8132FA6EADC0060FDD5 /* Resources */ = {
			isa = PBXResourcesBuildPhase;
			buildActionMask = 2147483647;
			files = (
			);
			runOnlyForDeploymentPostprocessing = 0;
		};
/* End PBXResourcesBuildPhase section */

/* Begin PBXSourcesBuildPhase section */
		7E51333D2DB929FE00E469BF /* Sources */ = {
			isa = PBXSourcesBuildPhase;
			buildActionMask = 2147483647;
			files = (
			);
			runOnlyForDeploymentPostprocessing = 0;
		};
		7E5133512DB92A0100E469BF /* Sources */ = {
			isa = PBXSourcesBuildPhase;
			buildActionMask = 2147483647;
			files = (
			);
			runOnlyForDeploymentPostprocessing = 0;
		};
		7E51335B2DB92A0100E469BF /* Sources */ = {
			isa = PBXSourcesBuildPhase;
			buildActionMask = 2147483647;
			files = (
			);
			runOnlyForDeploymentPostprocessing = 0;
		};
		7EEBA7F92FA6EAD90060FDD5 /* Sources */ = {
			isa = PBXSourcesBuildPhase;
			buildActionMask = 2147483647;
			files = (
			);
			runOnlyForDeploymentPostprocessing = 0;
		};
		7EEBA8072FA6EADC0060FDD5 /* Sources */ = {
			isa = PBXSourcesBuildPhase;
			buildActionMask = 2147483647;
			files = (
			);
			runOnlyForDeploymentPostprocessing = 0;
		};
		7EEBA8112FA6EADC0060FDD5 /* Sources */ = {
			isa = PBXSourcesBuildPhase;
			buildActionMask = 2147483647;
			files = (
			);
			runOnlyForDeploymentPostprocessing = 0;
		};
/* End PBXSourcesBuildPhase section */

/* Begin PBXTargetDependency section */
		7E5133572DB92A0100E469BF /* PBXTargetDependency */ = {
			isa = PBXTargetDependency;
			target = 7E5133402DB929FE00E469BF /* CougarQuest */;
			targetProxy = 7E5133562DB92A0100E469BF /* PBXContainerItemProxy */;
		};
		7E5133612DB92A0100E469BF /* PBXTargetDependency */ = {
			isa = PBXTargetDependency;
			target = 7E5133402DB929FE00E469BF /* CougarQuest */;
			targetProxy = 7E5133602DB92A0100E469BF /* PBXContainerItemProxy */;
		};
		7EEBA80D2FA6EADC0060FDD5 /* PBXTargetDependency */ = {
			isa = PBXTargetDependency;
			target = 7EEBA7FC2FA6EAD90060FDD5 /* Clip */;
			targetProxy = 7EEBA80C2FA6EADC0060FDD5 /* PBXContainerItemProxy */;
		};
		7EEBA8172FA6EADC0060FDD5 /* PBXTargetDependency */ = {
			isa = PBXTargetDependency;
			target = 7EEBA7FC2FA6EAD90060FDD5 /* Clip */;
			targetProxy = 7EEBA8162FA6EADC0060FDD5 /* PBXContainerItemProxy */;
		};
		7EEBA81E2FA6EADC0060FDD5 /* PBXTargetDependency */ = {
			isa = PBXTargetDependency;
			target = 7EEBA7FC2FA6EAD90060FDD5 /* Clip */;
			targetProxy = 7EEBA81D2FA6EADC0060FDD5 /* PBXContainerItemProxy */;
		};
/* End PBXTargetDependency section */

/* Begin XCBuildConfiguration section */
		7E5133692DB92A0100E469BF /* Debug */ = {
			isa = XCBuildConfiguration;
			buildSettings = {
				ASSETCATALOG_COMPILER_ALTERNATE_APPICON_NAMES = Vintage;
				ASSETCATALOG_COMPILER_APPICON_NAME = AppIcon;
				ASSETCATALOG_COMPILER_GLOBAL_ACCENT_COLOR_NAME = AccentColor;
				ASSETCATALOG_COMPILER_INCLUDE_ALL_APPICON_ASSETS = YES;
				CODE_SIGN_ENTITLEMENTS = CougarQuest/CougarQuest.entitlements;
				CODE_SIGN_STYLE = Automatic;
				CURRENT_PROJECT_VERSION = 3;
				DEBUG_INFORMATION_FORMAT = "dwarf-with-dsym";
				DEVELOPMENT_ASSET_PATHS = "\"CougarQuest/Preview Content\"";
				DEVELOPMENT_TEAM = R293ULNJP4;
				ENABLE_APP_SANDBOX = YES;
				ENABLE_PREVIEWS = YES;
				ENABLE_USER_SELECTED_FILES = readonly;
				GENERATE_INFOPLIST_FILE = YES;
				INFOPLIST_FILE = CougarQuest/Info.plist;
				INFOPLIST_KEY_NSCameraUsageDescription = "This app uses your camera to let you take quest photos.";
				INFOPLIST_KEY_NSLocationWhenInUseUsageDescription = "We need your location to show nearby quests on the map.";
				INFOPLIST_KEY_NSPhotoLibraryAddUsageDescription = "We save your camera shots to your photo library.";
				INFOPLIST_KEY_NSPhotoLibraryUsageDescription = "This app needs access to your photo library to upload quest images.";
				INFOPLIST_KEY_UIApplicationSceneManifest_Generation = YES;
				INFOPLIST_KEY_UIApplicationSupportsIndirectInputEvents = YES;
				INFOPLIST_KEY_UILaunchScreen_Generation = YES;
				INFOPLIST_KEY_UILaunchStoryboardName = LaunchScreen;
				INFOPLIST_KEY_UISupportedInterfaceOrientations = UIInterfaceOrientationPortrait;
				IPHONEOS_DEPLOYMENT_TARGET = 26.0;
				LD_RUNPATH_SEARCH_PATHS = (
					"$(inherited)",
					"@executable_path/Frameworks",
				);
				MARKETING_VERSION = 1.0;
				"OTHER_LDFLAGS[arch=*]" = "-ObjC";
				PRODUCT_BUNDLE_IDENTIFIER = Tony.Stark.CougarQuest;
				PRODUCT_NAME = "$(TARGET_NAME)";
				SUPPORTED_PLATFORMS = "iphoneos iphonesimulator";
				SUPPORTS_MACCATALYST = NO;
				SWIFT_EMIT_LOC_STRINGS = YES;
				SWIFT_VERSION = 5.0;
				TARGETED_DEVICE_FAMILY = 1;
			};
			name = Debug;
		};
		7E51336A2DB92A0100E469BF /* Release */ = {
			isa = XCBuildConfiguration;
			buildSettings = {
				ASSETCATALOG_COMPILER_ALTERNATE_APPICON_NAMES = Vintage;
				ASSETCATALOG_COMPILER_APPICON_NAME = AppIcon;
				ASSETCATALOG_COMPILER_GLOBAL_ACCENT_COLOR_NAME = AccentColor;
				ASSETCATALOG_COMPILER_INCLUDE_ALL_APPICON_ASSETS = YES;
				CODE_SIGN_ENTITLEMENTS = CougarQuest/CougarQuest.entitlements;
				CODE_SIGN_STYLE = Automatic;
				CURRENT_PROJECT_VERSION = 3;
				DEBUG_INFORMATION_FORMAT = "dwarf-with-dsym";
				DEVELOPMENT_ASSET_PATHS = "\"CougarQuest/Preview Content\"";
				DEVELOPMENT_TEAM = R293ULNJP4;
				ENABLE_APP_SANDBOX = YES;
				ENABLE_PREVIEWS = YES;
				ENABLE_USER_SELECTED_FILES = readonly;
				GENERATE_INFOPLIST_FILE = YES;
				INFOPLIST_FILE = CougarQuest/Info.plist;
				INFOPLIST_KEY_NSCameraUsageDescription = "This app uses your camera to let you take quest photos.";
				INFOPLIST_KEY_NSLocationWhenInUseUsageDescription = "We need your location to show nearby quests on the map.";
				INFOPLIST_KEY_NSPhotoLibraryAddUsageDescription = "We save your camera shots to your photo library.";
				INFOPLIST_KEY_NSPhotoLibraryUsageDescription = "This app needs access to your photo library to upload quest images.";
				INFOPLIST_KEY_UIApplicationSceneManifest_Generation = YES;
				INFOPLIST_KEY_UIApplicationSupportsIndirectInputEvents = YES;
				INFOPLIST_KEY_UILaunchScreen_Generation = YES;
				INFOPLIST_KEY_UILaunchStoryboardName = LaunchScreen;
				INFOPLIST_KEY_UISupportedInterfaceOrientations = UIInterfaceOrientationPortrait;
				IPHONEOS_DEPLOYMENT_TARGET = 26.0;
				LD_RUNPATH_SEARCH_PATHS = (
					"$(inherited)",
					"@executable_path/Frameworks",
				);
				MARKETING_VERSION = 1.0;
				"OTHER_LDFLAGS[arch=*]" = "-ObjC";
				PRODUCT_BUNDLE_IDENTIFIER = Tony.Stark.CougarQuest;
				PRODUCT_NAME = "$(TARGET_NAME)";
				SUPPORTED_PLATFORMS = "iphoneos iphonesimulator";
				SUPPORTS_MACCATALYST = NO;
				SWIFT_EMIT_LOC_STRINGS = YES;
				SWIFT_VERSION = 5.0;
				TARGETED_DEVICE_FAMILY = 1;
			};
			name = Release;
		};
		7E51336B2DB92A0100E469BF /* Debug */ = {
			isa = XCBuildConfiguration;
			buildSettings = {
				ALWAYS_SEARCH_USER_PATHS = NO;
				ASSETCATALOG_COMPILER_GENERATE_SWIFT_ASSET_SYMBOL_EXTENSIONS = YES;
				CLANG_ANALYZER_NONNULL = YES;
				CLANG_ANALYZER_NUMBER_OBJECT_CONVERSION = YES_AGGRESSIVE;
				CLANG_CXX_LANGUAGE_STANDARD = "gnu++20";
				CLANG_ENABLE_MODULES = YES;
				CLANG_ENABLE_OBJC_ARC = YES;
				CLANG_ENABLE_OBJC_WEAK = YES;
				CLANG_WARN_BLOCK_CAPTURE_AUTORELEASING = YES;
				CLANG_WARN_BOOL_CONVERSION = YES;
				CLANG_WARN_COMMA = YES;
				CLANG_WARN_CONSTANT_CONVERSION = YES;
				CLANG_WARN_DEPRECATED_OBJC_IMPLEMENTATIONS = YES;
				CLANG_WARN_DIRECT_OBJC_ISA_USAGE = YES_ERROR;
				CLANG_WARN_DOCUMENTATION_COMMENTS = YES;
				CLANG_WARN_EMPTY_BODY = YES;
				CLANG_WARN_ENUM_CONVERSION = YES;
				CLANG_WARN_INFINITE_RECURSION = YES;
				CLANG_WARN_INT_CONVERSION = YES;
				CLANG_WARN_NON_LITERAL_NULL_CONVERSION = YES;
				CLANG_WARN_OBJC_IMPLICIT_RETAIN_SELF = YES;
				CLANG_WARN_OBJC_LITERAL_CONVERSION = YES;
				CLANG_WARN_OBJC_ROOT_CLASS = YES_ERROR;
				CLANG_WARN_QUOTED_INCLUDE_IN_FRAMEWORK_HEADER = YES;
				CLANG_WARN_RANGE_LOOP_ANALYSIS = YES;
				CLANG_WARN_STRICT_PROTOTYPES = YES;
				CLANG_WARN_SUSPICIOUS_MOVE = YES;
				CLANG_WARN_UNGUARDED_AVAILABILITY = YES_AGGRESSIVE;
				CLANG_WARN_UNREACHABLE_CODE = YES;
				CLANG_WARN__DUPLICATE_METHOD_MATCH = YES;
				COPY_PHASE_STRIP = NO;
				DEBUG_INFORMATION_FORMAT = dwarf;
				ENABLE_STRICT_OBJC_MSGSEND = YES;
				ENABLE_TESTABILITY = YES;
				ENABLE_USER_SCRIPT_SANDBOXING = YES;
				GCC_C_LANGUAGE_STANDARD = gnu17;
				GCC_DYNAMIC_NO_PIC = NO;
				GCC_NO_COMMON_BLOCKS = YES;
				GCC_OPTIMIZATION_LEVEL = 0;
				GCC_PREPROCESSOR_DEFINITIONS = (
					"DEBUG=1",
					"$(inherited)",
				);
				GCC_WARN_64_TO_32_BIT_CONVERSION = YES;
				GCC_WARN_ABOUT_RETURN_TYPE = YES_ERROR;
				GCC_WARN_UNDECLARED_SELECTOR = YES;
				GCC_WARN_UNINITIALIZED_AUTOS = YES_AGGRESSIVE;
				GCC_WARN_UNUSED_FUNCTION = YES;
				GCC_WARN_UNUSED_VARIABLE = YES;
				IPHONEOS_DEPLOYMENT_TARGET = 18.2;
				LOCALIZATION_PREFERS_STRING_CATALOGS = YES;
				MTL_ENABLE_DEBUG_INFO = INCLUDE_SOURCE;
				MTL_FAST_MATH = YES;
				ONLY_ACTIVE_ARCH = YES;
				SDKROOT = iphoneos;
				STRING_CATALOG_GENERATE_SYMBOLS = YES;
				SWIFT_ACTIVE_COMPILATION_CONDITIONS = "DEBUG $(inherited)";
				SWIFT_OPTIMIZATION_LEVEL = "-Onone";
			};
			name = Debug;
		};
		7E51336C2DB92A0100E469BF /* Release */ = {
			isa = XCBuildConfiguration;
			buildSettings = {
				ALWAYS_SEARCH_USER_PATHS = NO;
				ASSETCATALOG_COMPILER_GENERATE_SWIFT_ASSET_SYMBOL_EXTENSIONS = YES;
				CLANG_ANALYZER_NONNULL = YES;
				CLANG_ANALYZER_NUMBER_OBJECT_CONVERSION = YES_AGGRESSIVE;
				CLANG_CXX_LANGUAGE_STANDARD = "gnu++20";
				CLANG_ENABLE_MODULES = YES;
				CLANG_ENABLE_OBJC_ARC = YES;
				CLANG_ENABLE_OBJC_WEAK = YES;
				CLANG_WARN_BLOCK_CAPTURE_AUTORELEASING = YES;
				CLANG_WARN_BOOL_CONVERSION = YES;
				CLANG_WARN_COMMA = YES;
				CLANG_WARN_CONSTANT_CONVERSION = YES;
				CLANG_WARN_DEPRECATED_OBJC_IMPLEMENTATIONS = YES;
				CLANG_WARN_DIRECT_OBJC_ISA_USAGE = YES_ERROR;
				CLANG_WARN_DOCUMENTATION_COMMENTS = YES;
				CLANG_WARN_EMPTY_BODY = YES;
				CLANG_WARN_ENUM_CONVERSION = YES;
				CLANG_WARN_INFINITE_RECURSION = YES;
				CLANG_WARN_INT_CONVERSION = YES;
				CLANG_WARN_NON_LITERAL_NULL_CONVERSION = YES;
				CLANG_WARN_OBJC_IMPLICIT_RETAIN_SELF = YES;
				CLANG_WARN_OBJC_LITERAL_CONVERSION = YES;
				CLANG_WARN_OBJC_ROOT_CLASS = YES_ERROR;
				CLANG_WARN_QUOTED_INCLUDE_IN_FRAMEWORK_HEADER = YES;
				CLANG_WARN_RANGE_LOOP_ANALYSIS = YES;
				CLANG_WARN_STRICT_PROTOTYPES = YES;
				CLANG_WARN_SUSPICIOUS_MOVE = YES;
				CLANG_WARN_UNGUARDED_AVAILABILITY = YES_AGGRESSIVE;
				CLANG_WARN_UNREACHABLE_CODE = YES;
				CLANG_WARN__DUPLICATE_METHOD_MATCH = YES;
				COPY_PHASE_STRIP = NO;
				DEBUG_INFORMATION_FORMAT = "dwarf-with-dsym";
				ENABLE_NS_ASSERTIONS = NO;
				ENABLE_STRICT_OBJC_MSGSEND = YES;
				ENABLE_USER_SCRIPT_SANDBOXING = YES;
				GCC_C_LANGUAGE_STANDARD = gnu17;
				GCC_NO_COMMON_BLOCKS = YES;
				GCC_WARN_64_TO_32_BIT_CONVERSION = YES;
				GCC_WARN_ABOUT_RETURN_TYPE = YES_ERROR;
				GCC_WARN_UNDECLARED_SELECTOR = YES;
				GCC_WARN_UNINITIALIZED_AUTOS = YES_AGGRESSIVE;
				GCC_WARN_UNUSED_FUNCTION = YES;
				GCC_WARN_UNUSED_VARIABLE = YES;
				IPHONEOS_DEPLOYMENT_TARGET = 18.2;
				LOCALIZATION_PREFERS_STRING_CATALOGS = YES;
				MTL_ENABLE_DEBUG_INFO = NO;
				MTL_FAST_MATH = YES;
				SDKROOT = iphoneos;
				STRING_CATALOG_GENERATE_SYMBOLS = YES;
				SWIFT_COMPILATION_MODE = wholemodule;
				VALIDATE_PRODUCT = YES;
			};
			name = Release;
		};
		7E51336E2DB92A0100E469BF /* Debug */ = {
			isa = XCBuildConfiguration;
			buildSettings = {
				BUNDLE_LOADER = "$(TEST_HOST)";
				CODE_SIGN_STYLE = Automatic;
				CURRENT_PROJECT_VERSION = 3;
				DEVELOPMENT_TEAM = R293ULNJP4;
				GENERATE_INFOPLIST_FILE = YES;
				IPHONEOS_DEPLOYMENT_TARGET = 18.2;
				MARKETING_VERSION = 1.0;
				PRODUCT_BUNDLE_IDENTIFIER = Tony.Stark.CougarQuestTests;
				PRODUCT_NAME = "$(TARGET_NAME)";
				SWIFT_EMIT_LOC_STRINGS = NO;
				SWIFT_VERSION = 5.0;
				TARGETED_DEVICE_FAMILY = 1;
				TEST_HOST = "$(BUILT_PRODUCTS_DIR)/CougarQuest.app/$(BUNDLE_EXECUTABLE_FOLDER_PATH)/CougarQuest";
			};
			name = Debug;
		};
		7E51336F2DB92A0100E469BF /* Release */ = {
			isa = XCBuildConfiguration;
			buildSettings = {
				BUNDLE_LOADER = "$(TEST_HOST)";
				CODE_SIGN_STYLE = Automatic;
				CURRENT_PROJECT_VERSION = 3;
				DEVELOPMENT_TEAM = R293ULNJP4;
				GENERATE_INFOPLIST_FILE = YES;
				IPHONEOS_DEPLOYMENT_TARGET = 18.2;
				MARKETING_VERSION = 1.0;
				PRODUCT_BUNDLE_IDENTIFIER = Tony.Stark.CougarQuestTests;
				PRODUCT_NAME = "$(TARGET_NAME)";
				SWIFT_EMIT_LOC_STRINGS = NO;
				SWIFT_VERSION = 5.0;
				TARGETED_DEVICE_FAMILY = 1;
				TEST_HOST = "$(BUILT_PRODUCTS_DIR)/CougarQuest.app/$(BUNDLE_EXECUTABLE_FOLDER_PATH)/CougarQuest";
			};
			name = Release;
		};
		7E5133712DB92A0100E469BF /* Debug */ = {
			isa = XCBuildConfiguration;
			buildSettings = {
				CODE_SIGN_STYLE = Automatic;
				CURRENT_PROJECT_VERSION = 3;
				DEVELOPMENT_TEAM = R293ULNJP4;
				GENERATE_INFOPLIST_FILE = YES;
				MARKETING_VERSION = 1.0;
				PRODUCT_BUNDLE_IDENTIFIER = Tony.Stark.CougarQuestUITests;
				PRODUCT_NAME = "$(TARGET_NAME)";
				SWIFT_EMIT_LOC_STRINGS = NO;
				SWIFT_VERSION = 5.0;
				TARGETED_DEVICE_FAMILY = 1;
				TEST_TARGET_NAME = CougarQuest;
			};
			name = Debug;
		};
		7E5133722DB92A0100E469BF /* Release */ = {
			isa = XCBuildConfiguration;
			buildSettings = {
				CODE_SIGN_STYLE = Automatic;
				CURRENT_PROJECT_VERSION = 3;
				DEVELOPMENT_TEAM = R293ULNJP4;
				GENERATE_INFOPLIST_FILE = YES;
				MARKETING_VERSION = 1.0;
				PRODUCT_BUNDLE_IDENTIFIER = Tony.Stark.CougarQuestUITests;
				PRODUCT_NAME = "$(TARGET_NAME)";
				SWIFT_EMIT_LOC_STRINGS = NO;
				SWIFT_VERSION = 5.0;
				TARGETED_DEVICE_FAMILY = 1;
				TEST_TARGET_NAME = CougarQuest;
			};
			name = Release;
		};
		7EEBA8212FA6EADC0060FDD5 /* Debug */ = {
			isa = XCBuildConfiguration;
			buildSettings = {
				ASSETCATALOG_COMPILER_APPICON_NAME = AppIcon;
				ASSETCATALOG_COMPILER_GLOBAL_ACCENT_COLOR_NAME = AccentColor;
				CODE_SIGN_ENTITLEMENTS = Clip/Clip.entitlements;
				CODE_SIGN_STYLE = Automatic;
				CURRENT_PROJECT_VERSION = 3;
				DEVELOPMENT_TEAM = R293ULNJP4;
				ENABLE_PREVIEWS = YES;
				GENERATE_INFOPLIST_FILE = YES;
				INFOPLIST_FILE = Clip/Info.plist;
				INFOPLIST_KEY_CFBundleDisplayName = CougarQuest;
				INFOPLIST_KEY_UIApplicationSceneManifest_Generation = YES;
				INFOPLIST_KEY_UIApplicationSupportsIndirectInputEvents = YES;
				INFOPLIST_KEY_UILaunchScreen_Generation = YES;
				INFOPLIST_KEY_UISupportedInterfaceOrientations_iPad = "UIInterfaceOrientationPortrait UIInterfaceOrientationPortraitUpsideDown UIInterfaceOrientationLandscapeLeft UIInterfaceOrientationLandscapeRight";
				INFOPLIST_KEY_UISupportedInterfaceOrientations_iPhone = "UIInterfaceOrientationPortrait UIInterfaceOrientationLandscapeLeft UIInterfaceOrientationLandscapeRight";
				IPHONEOS_DEPLOYMENT_TARGET = 26.4;
				LD_RUNPATH_SEARCH_PATHS = (
					"$(inherited)",
					"@executable_path/Frameworks",
				);
				MARKETING_VERSION = 1.0;
				PRODUCT_BUNDLE_IDENTIFIER = Tony.Stark.CougarQuest.Clip;
				PRODUCT_NAME = "$(TARGET_NAME)";
				STRING_CATALOG_GENERATE_SYMBOLS = YES;
				SWIFT_APPROACHABLE_CONCURRENCY = YES;
				SWIFT_DEFAULT_ACTOR_ISOLATION = MainActor;
				SWIFT_EMIT_LOC_STRINGS = YES;
				SWIFT_UPCOMING_FEATURE_MEMBER_IMPORT_VISIBILITY = YES;
				SWIFT_VERSION = 5.0;
				TARGETED_DEVICE_FAMILY = 1;
			};
			name = Debug;
		};
		7EEBA8222FA6EADC0060FDD5 /* Release */ = {
			isa = XCBuildConfiguration;
			buildSettings = {
				ASSETCATALOG_COMPILER_APPICON_NAME = AppIcon;
				ASSETCATALOG_COMPILER_GLOBAL_ACCENT_COLOR_NAME = AccentColor;
				CODE_SIGN_ENTITLEMENTS = Clip/Clip.entitlements;
				CODE_SIGN_STYLE = Automatic;
				CURRENT_PROJECT_VERSION = 3;
				DEVELOPMENT_TEAM = R293ULNJP4;
				ENABLE_PREVIEWS = YES;
				GENERATE_INFOPLIST_FILE = YES;
				INFOPLIST_FILE = Clip/Info.plist;
				INFOPLIST_KEY_CFBundleDisplayName = CougarQuest;
				INFOPLIST_KEY_UIApplicationSceneManifest_Generation = YES;
				INFOPLIST_KEY_UIApplicationSupportsIndirectInputEvents = YES;
				INFOPLIST_KEY_UILaunchScreen_Generation = YES;
				INFOPLIST_KEY_UISupportedInterfaceOrientations_iPad = "UIInterfaceOrientationPortrait UIInterfaceOrientationPortraitUpsideDown UIInterfaceOrientationLandscapeLeft UIInterfaceOrientationLandscapeRight";
				INFOPLIST_KEY_UISupportedInterfaceOrientations_iPhone = "UIInterfaceOrientationPortrait UIInterfaceOrientationLandscapeLeft UIInterfaceOrientationLandscapeRight";
				IPHONEOS_DEPLOYMENT_TARGET = 26.4;
				LD_RUNPATH_SEARCH_PATHS = (
					"$(inherited)",
					"@executable_path/Frameworks",
				);
				MARKETING_VERSION = 1.0;
				PRODUCT_BUNDLE_IDENTIFIER = Tony.Stark.CougarQuest.Clip;
				PRODUCT_NAME = "$(TARGET_NAME)";
				STRING_CATALOG_GENERATE_SYMBOLS = YES;
				SWIFT_APPROACHABLE_CONCURRENCY = YES;
				SWIFT_DEFAULT_ACTOR_ISOLATION = MainActor;
				SWIFT_EMIT_LOC_STRINGS = YES;
				SWIFT_UPCOMING_FEATURE_MEMBER_IMPORT_VISIBILITY = YES;
				SWIFT_VERSION = 5.0;
				TARGETED_DEVICE_FAMILY = 1;
			};
			name = Release;
		};
		7EEBA8262FA6EADC0060FDD5 /* Debug */ = {
			isa = XCBuildConfiguration;
			buildSettings = {
				BUNDLE_LOADER = "$(TEST_HOST)";
				CODE_SIGN_STYLE = Automatic;
				CURRENT_PROJECT_VERSION = 3;
				DEVELOPMENT_TEAM = R293ULNJP4;
				GENERATE_INFOPLIST_FILE = YES;
				IPHONEOS_DEPLOYMENT_TARGET = 26.4;
				MARKETING_VERSION = 1.0;
				PRODUCT_BUNDLE_IDENTIFIER = Tony.Stark.CougarQuest.ClipTests;
				PRODUCT_NAME = "$(TARGET_NAME)";
				STRING_CATALOG_GENERATE_SYMBOLS = NO;
				SWIFT_APPROACHABLE_CONCURRENCY = YES;
				SWIFT_EMIT_LOC_STRINGS = NO;
				SWIFT_UPCOMING_FEATURE_MEMBER_IMPORT_VISIBILITY = YES;
				SWIFT_VERSION = 5.0;
				TARGETED_DEVICE_FAMILY = 1;
				TEST_HOST = "$(BUILT_PRODUCTS_DIR)/Clip.app/$(BUNDLE_EXECUTABLE_FOLDER_PATH)/Clip";
			};
			name = Debug;
		};
		7EEBA8272FA6EADC0060FDD5 /* Release */ = {
			isa = XCBuildConfiguration;
			buildSettings = {
				BUNDLE_LOADER = "$(TEST_HOST)";
				CODE_SIGN_STYLE = Automatic;
				CURRENT_PROJECT_VERSION = 3;
				DEVELOPMENT_TEAM = R293ULNJP4;
				GENERATE_INFOPLIST_FILE = YES;
				IPHONEOS_DEPLOYMENT_TARGET = 26.4;
				MARKETING_VERSION = 1.0;
				PRODUCT_BUNDLE_IDENTIFIER = Tony.Stark.CougarQuest.ClipTests;
				PRODUCT_NAME = "$(TARGET_NAME)";
				STRING_CATALOG_GENERATE_SYMBOLS = NO;
				SWIFT_APPROACHABLE_CONCURRENCY = YES;
				SWIFT_EMIT_LOC_STRINGS = NO;
				SWIFT_UPCOMING_FEATURE_MEMBER_IMPORT_VISIBILITY = YES;
				SWIFT_VERSION = 5.0;
				TARGETED_DEVICE_FAMILY = 1;
				TEST_HOST = "$(BUILT_PRODUCTS_DIR)/Clip.app/$(BUNDLE_EXECUTABLE_FOLDER_PATH)/Clip";
			};
			name = Release;
		};
		7EEBA8292FA6EADC0060FDD5 /* Debug */ = {
			isa = XCBuildConfiguration;
			buildSettings = {
				CODE_SIGN_STYLE = Automatic;
				CURRENT_PROJECT_VERSION = 3;
				DEVELOPMENT_TEAM = R293ULNJP4;
				GENERATE_INFOPLIST_FILE = YES;
				IPHONEOS_DEPLOYMENT_TARGET = 26.4;
				MARKETING_VERSION = 1.0;
				PRODUCT_BUNDLE_IDENTIFIER = Tony.Stark.CougarQuest.ClipUITests;
				PRODUCT_NAME = "$(TARGET_NAME)";
				STRING_CATALOG_GENERATE_SYMBOLS = NO;
				SWIFT_APPROACHABLE_CONCURRENCY = YES;
				SWIFT_EMIT_LOC_STRINGS = NO;
				SWIFT_UPCOMING_FEATURE_MEMBER_IMPORT_VISIBILITY = YES;
				SWIFT_VERSION = 5.0;
				TARGETED_DEVICE_FAMILY = 1;
				TEST_TARGET_NAME = Clip;
			};
			name = Debug;
		};
		7EEBA82A2FA6EADC0060FDD5 /* Release */ = {
			isa = XCBuildConfiguration;
			buildSettings = {
				CODE_SIGN_STYLE = Automatic;
				CURRENT_PROJECT_VERSION = 3;
				DEVELOPMENT_TEAM = R293ULNJP4;
				GENERATE_INFOPLIST_FILE = YES;
				IPHONEOS_DEPLOYMENT_TARGET = 26.4;
				MARKETING_VERSION = 1.0;
				PRODUCT_BUNDLE_IDENTIFIER = Tony.Stark.CougarQuest.ClipUITests;
				PRODUCT_NAME = "$(TARGET_NAME)";
				STRING_CATALOG_GENERATE_SYMBOLS = NO;
				SWIFT_APPROACHABLE_CONCURRENCY = YES;
				SWIFT_EMIT_LOC_STRINGS = NO;
				SWIFT_UPCOMING_FEATURE_MEMBER_IMPORT_VISIBILITY = YES;
				SWIFT_VERSION = 5.0;
				TARGETED_DEVICE_FAMILY = 1;
				TEST_TARGET_NAME = Clip;
			};
			name = Release;
		};
/* End XCBuildConfiguration section */

/* Begin XCConfigurationList section */
		7E51333C2DB929FE00E469BF /* Build configuration list for PBXProject "CougarQuest" */ = {
			isa = XCConfigurationList;
			buildConfigurations = (
				7E51336B2DB92A0100E469BF /* Debug */,
				7E51336C2DB92A0100E469BF /* Release */,
			);
			defaultConfigurationIsVisible = 0;
			defaultConfigurationName = Release;
		};
		7E5133682DB92A0100E469BF /* Build configuration list for PBXNativeTarget "CougarQuest" */ = {
			isa = XCConfigurationList;
			buildConfigurations = (
				7E5133692DB92A0100E469BF /* Debug */,
				7E51336A2DB92A0100E469BF /* Release */,
			);
			defaultConfigurationIsVisible = 0;
			defaultConfigurationName = Release;
		};
		7E51336D2DB92A0100E469BF /* Build configuration list for PBXNativeTarget "CougarQuestTests" */ = {
			isa = XCConfigurationList;
			buildConfigurations = (
				7E51336E2DB92A0100E469BF /* Debug */,
				7E51336F2DB92A0100E469BF /* Release */,
			);
			defaultConfigurationIsVisible = 0;
			defaultConfigurationName = Release;
		};
		7E5133702DB92A0100E469BF /* Build configuration list for PBXNativeTarget "CougarQuestUITests" */ = {
			isa = XCConfigurationList;
			buildConfigurations = (
				7E5133712DB92A0100E469BF /* Debug */,
				7E5133722DB92A0100E469BF /* Release */,
			);
			defaultConfigurationIsVisible = 0;
			defaultConfigurationName = Release;
		};
		7EEBA8202FA6EADC0060FDD5 /* Build configuration list for PBXNativeTarget "Clip" */ = {
			isa = XCConfigurationList;
			buildConfigurations = (
				7EEBA8212FA6EADC0060FDD5 /* Debug */,
				7EEBA8222FA6EADC0060FDD5 /* Release */,
			);
			defaultConfigurationIsVisible = 0;
			defaultConfigurationName = Release;
		};
		7EEBA8252FA6EADC0060FDD5 /* Build configuration list for PBXNativeTarget "ClipTests" */ = {
			isa = XCConfigurationList;
			buildConfigurations = (
				7EEBA8262FA6EADC0060FDD5 /* Debug */,
				7EEBA8272FA6EADC0060FDD5 /* Release */,
			);
			defaultConfigurationIsVisible = 0;
			defaultConfigurationName = Release;
		};
		7EEBA8282FA6EADC0060FDD5 /* Build configuration list for PBXNativeTarget "ClipUITests" */ = {
			isa = XCConfigurationList;
			buildConfigurations = (
				7EEBA8292FA6EADC0060FDD5 /* Debug */,
				7EEBA82A2FA6EADC0060FDD5 /* Release */,
			);
			defaultConfigurationIsVisible = 0;
			defaultConfigurationName = Release;
		};
/* End XCConfigurationList section */

/* Begin XCRemoteSwiftPackageReference section */
		7E9073982DBD3732005BC8AF /* XCRemoteSwiftPackageReference "firebase-ios-sdk" */ = {
			isa = XCRemoteSwiftPackageReference;
			repositoryURL = "https://github.com/firebase/firebase-ios-sdk";
			requirement = {
				kind = upToNextMajorVersion;
				minimumVersion = 11.12.0;
			};
		};
		7EBBFB9A2DC3958D00766E0A /* XCRemoteSwiftPackageReference "Kingfisher" */ = {
			isa = XCRemoteSwiftPackageReference;
			repositoryURL = "https://github.com/onevcat/Kingfisher.git";
			requirement = {
				kind = upToNextMajorVersion;
				minimumVersion = 8.3.2;
			};
		};
		7EBBFBA32DCFD19800766E0A /* XCRemoteSwiftPackageReference "AnyCodable" */ = {
			isa = XCRemoteSwiftPackageReference;
			repositoryURL = "https://github.com/Flight-School/AnyCodable";
			requirement = {
				kind = upToNextMajorVersion;
				minimumVersion = 0.6.7;
			};
		};
		7EE8E9362DBEB5CC00005553 /* XCRemoteSwiftPackageReference "GoogleSignIn-iOS" */ = {
			isa = XCRemoteSwiftPackageReference;
			repositoryURL = "https://github.com/google/GoogleSignIn-iOS";
			requirement = {
				kind = upToNextMajorVersion;
				minimumVersion = 8.0.0;
			};
		};
/* End XCRemoteSwiftPackageReference section */

/* Begin XCSwiftPackageProductDependency section */
		7E9073992DBD3732005BC8AF /* FirebaseAnalytics */ = {
			isa = XCSwiftPackageProductDependency;
			package = 7E9073982DBD3732005BC8AF /* XCRemoteSwiftPackageReference "firebase-ios-sdk" */;
			productName = FirebaseAnalytics;
		};
		7E90739B2DBD3732005BC8AF /* FirebaseAnalyticsOnDeviceConversion */ = {
			isa = XCSwiftPackageProductDependency;
			package = 7E9073982DBD3732005BC8AF /* XCRemoteSwiftPackageReference "firebase-ios-sdk" */;
			productName = FirebaseAnalyticsOnDeviceConversion;
		};
		7E90739D2DBD3732005BC8AF /* FirebaseAnalyticsWithoutAdIdSupport */ = {
			isa = XCSwiftPackageProductDependency;
			package = 7E9073982DBD3732005BC8AF /* XCRemoteSwiftPackageReference "firebase-ios-sdk" */;
			productName = FirebaseAnalyticsWithoutAdIdSupport;
		};
		7E90739F2DBD3732005BC8AF /* FirebaseAppCheck */ = {
			isa = XCSwiftPackageProductDependency;
			package = 7E9073982DBD3732005BC8AF /* XCRemoteSwiftPackageReference "firebase-ios-sdk" */;
			productName = FirebaseAppCheck;
		};
		7E9073A12DBD3732005BC8AF /* FirebaseAppDistribution-Beta */ = {
			isa = XCSwiftPackageProductDependency;
			package = 7E9073982DBD3732005BC8AF /* XCRemoteSwiftPackageReference "firebase-ios-sdk" */;
			productName = "FirebaseAppDistribution-Beta";
		};
		7E9073A32DBD3732005BC8AF /* FirebaseAuth */ = {
			isa = XCSwiftPackageProductDependency;
			package = 7E9073982DBD3732005BC8AF /* XCRemoteSwiftPackageReference "firebase-ios-sdk" */;
			productName = FirebaseAuth;
		};
		7E9073A52DBD3732005BC8AF /* FirebaseAuthCombine-Community */ = {
			isa = XCSwiftPackageProductDependency;
			package = 7E9073982DBD3732005BC8AF /* XCRemoteSwiftPackageReference "firebase-ios-sdk" */;
			productName = "FirebaseAuthCombine-Community";
		};
		7E9073A72DBD3732005BC8AF /* FirebaseCore */ = {
			isa = XCSwiftPackageProductDependency;
			package = 7E9073982DBD3732005BC8AF /* XCRemoteSwiftPackageReference "firebase-ios-sdk" */;
			productName = FirebaseCore;
		};
		7E9073A92DBD3732005BC8AF /* FirebaseCrashlytics */ = {
			isa = XCSwiftPackageProductDependency;
			package = 7E9073982DBD3732005BC8AF /* XCRemoteSwiftPackageReference "firebase-ios-sdk" */;
			productName = FirebaseCrashlytics;
		};
		7E9073AB2DBD3732005BC8AF /* FirebaseDatabase */ = {
			isa = XCSwiftPackageProductDependency;
			package = 7E9073982DBD3732005BC8AF /* XCRemoteSwiftPackageReference "firebase-ios-sdk" */;
			productName = FirebaseDatabase;
		};
		7E9073AD2DBD3732005BC8AF /* FirebaseDynamicLinks */ = {
			isa = XCSwiftPackageProductDependency;
			package = 7E9073982DBD3732005BC8AF /* XCRemoteSwiftPackageReference "firebase-ios-sdk" */;
			productName = FirebaseDynamicLinks;
		};
		7E9073AF2DBD3732005BC8AF /* FirebaseFirestore */ = {
			isa = XCSwiftPackageProductDependency;
			package = 7E9073982DBD3732005BC8AF /* XCRemoteSwiftPackageReference "firebase-ios-sdk" */;
			productName = FirebaseFirestore;
		};
		7E9073B12DBD3732005BC8AF /* FirebaseFirestoreCombine-Community */ = {
			isa = XCSwiftPackageProductDependency;
			package = 7E9073982DBD3732005BC8AF /* XCRemoteSwiftPackageReference "firebase-ios-sdk" */;
			productName = "FirebaseFirestoreCombine-Community";
		};
		7E9073B32DBD3732005BC8AF /* FirebaseFunctions */ = {
			isa = XCSwiftPackageProductDependency;
			package = 7E9073982DBD3732005BC8AF /* XCRemoteSwiftPackageReference "firebase-ios-sdk" */;
			productName = FirebaseFunctions;
		};
		7E9073B52DBD3732005BC8AF /* FirebaseFunctionsCombine-Community */ = {
			isa = XCSwiftPackageProductDependency;
			package = 7E9073982DBD3732005BC8AF /* XCRemoteSwiftPackageReference "firebase-ios-sdk" */;
			productName = "FirebaseFunctionsCombine-Community";
		};
		7E9073B72DBD3732005BC8AF /* FirebaseInAppMessaging-Beta */ = {
			isa = XCSwiftPackageProductDependency;
			package = 7E9073982DBD3732005BC8AF /* XCRemoteSwiftPackageReference "firebase-ios-sdk" */;
			productName = "FirebaseInAppMessaging-Beta";
		};
		7E9073B92DBD3732005BC8AF /* FirebaseInstallations */ = {
			isa = XCSwiftPackageProductDependency;
			package = 7E9073982DBD3732005BC8AF /* XCRemoteSwiftPackageReference "firebase-ios-sdk" */;
			productName = FirebaseInstallations;
		};
		7E9073BB2DBD3732005BC8AF /* FirebaseMLModelDownloader */ = {
			isa = XCSwiftPackageProductDependency;
			package = 7E9073982DBD3732005BC8AF /* XCRemoteSwiftPackageReference "firebase-ios-sdk" */;
			productName = FirebaseMLModelDownloader;
		};
		7E9073BD2DBD3732005BC8AF /* FirebaseMessaging */ = {
			isa = XCSwiftPackageProductDependency;
			package = 7E9073982DBD3732005BC8AF /* XCRemoteSwiftPackageReference "firebase-ios-sdk" */;
			productName = FirebaseMessaging;
		};
		7E9073BF2DBD3732005BC8AF /* FirebasePerformance */ = {
			isa = XCSwiftPackageProductDependency;
			package = 7E9073982DBD3732005BC8AF /* XCRemoteSwiftPackageReference "firebase-ios-sdk" */;
			productName = FirebasePerformance;
		};
		7E9073C12DBD3732005BC8AF /* FirebaseRemoteConfig */ = {
			isa = XCSwiftPackageProductDependency;
			package = 7E9073982DBD3732005BC8AF /* XCRemoteSwiftPackageReference "firebase-ios-sdk" */;
			productName = FirebaseRemoteConfig;
		};
		7E9073C32DBD3732005BC8AF /* FirebaseStorage */ = {
			isa = XCSwiftPackageProductDependency;
			package = 7E9073982DBD3732005BC8AF /* XCRemoteSwiftPackageReference "firebase-ios-sdk" */;
			productName = FirebaseStorage;
		};
		7E9073C52DBD3732005BC8AF /* FirebaseStorageCombine-Community */ = {
			isa = XCSwiftPackageProductDependency;
			package = 7E9073982DBD3732005BC8AF /* XCRemoteSwiftPackageReference "firebase-ios-sdk" */;
			productName = "FirebaseStorageCombine-Community";
		};
		7E9073C72DBD3732005BC8AF /* FirebaseVertexAI */ = {
			isa = XCSwiftPackageProductDependency;
			package = 7E9073982DBD3732005BC8AF /* XCRemoteSwiftPackageReference "firebase-ios-sdk" */;
			productName = FirebaseVertexAI;
		};
		7EBBFB9B2DC3958D00766E0A /* Kingfisher */ = {
			isa = XCSwiftPackageProductDependency;
			package = 7EBBFB9A2DC3958D00766E0A /* XCRemoteSwiftPackageReference "Kingfisher" */;
			productName = Kingfisher;
		};
		7EBBFBA42DCFD19800766E0A /* AnyCodable */ = {
			isa = XCSwiftPackageProductDependency;
			package = 7EBBFBA32DCFD19800766E0A /* XCRemoteSwiftPackageReference "AnyCodable" */;
			productName = AnyCodable;
		};
		7EE8E9372DBEB5CC00005553 /* GoogleSignIn */ = {
			isa = XCSwiftPackageProductDependency;
			package = 7EE8E9362DBEB5CC00005553 /* XCRemoteSwiftPackageReference "GoogleSignIn-iOS" */;
			productName = GoogleSignIn;
		};
		7EE8E9392DBEB5CC00005553 /* GoogleSignInSwift */ = {
			isa = XCSwiftPackageProductDependency;
			package = 7EE8E9362DBEB5CC00005553 /* XCRemoteSwiftPackageReference "GoogleSignIn-iOS" */;
			productName = GoogleSignInSwift;
		};
/* End XCSwiftPackageProductDependency section */
	};
	rootObject = 7E5133392DB929FE00E469BF /* Project object */;
}
