// !$*UTF8*$!
{
	archiveVersion = 1;
	classes = {
	};
	objectVersion = 77;
	objects = {

/* Begin PBXContainerItemProxy section */
		7E5133562DB92A0100E469BF /* PBXContainerItemProxy */ = {
			isa = PBXContainerItemProxy;
			containerPortal = 7E5133392DB929FE00E469BF /* Project object */;
			proxyType = 1;
			remoteGlobalIDString = 7E5133402DB929FE00E469BF;
			remoteInfo = CougarQuest;
		};
		7E5133602DB92A0100E469BF /* PBXContainerItemProxy */ = {
			isa = PBXContainerItemProxy;
			containerPortal = 7E5133392DB929FE00E469BF /* Project object */;
			proxyType = 1;
			remoteGlobalIDString = 7E5133402DB929FE00E469BF;
			remoteInfo = CougarQuest;
		};
/* End PBXContainerItemProxy section */

/* Begin PBXFileReference section */
		7E5133412DB929FE00E469BF /* CougarQuest.app */ = {isa = PBXFileReference; explicitFileType = wrapper.application; includeInIndex = 0; path = CougarQuest.app; sourceTree = BUILT_PRODUCTS_DIR; };
		7E5133552DB92A0100E469BF /* CougarQuestTests.xctest */ = {isa = PBXFileReference; explicitFileType = wrapper.cfbundle; includeInIndex = 0; path = CougarQuestTests.xctest; sourceTree = BUILT_PRODUCTS_DIR; };
		7E51335F2DB92A0100E469BF /* CougarQuestUITests.xctest */ = {isa = PBXFileReference; explicitFileType = wrapper.cfbundle; includeInIndex = 0; path = CougarQuestUITests.xctest; sourceTree = BUILT_PRODUCTS_DIR; };
/* End PBXFileReference section */

/* Begin PBXFileSystemSynchronizedBuildFileExceptionSet section */
		7E5133672DB92A0100E469BF /* Exceptions for "CougarQuest" folder in "CougarQuest" target */ = {
			isa = PBXFileSystemSynchronizedBuildFileExceptionSet;
			membershipExceptions = (
				Info.plist,
			);
			target = 7E5133402DB929FE00E469BF /* CougarQuest */;
		};
/* End PBXFileSystemSynchronizedBuildFileExceptionSet section */

/* Begin PBXFileSystemSynchronizedRootGroup section */
		7E5133432DB929FE00E469BF /* CougarQuest */ = {
			isa = PBXFileSystemSynchronizedRootGroup;
			exceptions = (
				7E5133672DB92A0100E469BF /* Exceptions for "CougarQuest" folder in "CougarQuest" target */,
			);
			path = CougarQuest;
			sourceTree = "<group>";
		};
		7E5133582DB92A0100E469BF /* CougarQuestTests */ = {
			isa = PBXFileSystemSynchronizedRootGroup;
			path = CougarQuestTests;
			sourceTree = "<group>";
		};
		7E5133622DB92A0100E469BF /* CougarQuestUITests */ = {
			isa = PBXFileSystemSynchronizedRootGroup;
			path = CougarQuestUITests;
			sourceTree = "<group>";
		};
/* End PBXFileSystemSynchronizedRootGroup section */

/* Begin PBXFrameworksBuildPhase section */
		7E51333E2DB929FE00E469BF /* Frameworks */ = {
			isa = PBXFrameworksBuildPhase;
			buildActionMask = 2147483647;
			files = (
			);
			runOnlyForDeploymentPostprocessing = 0;
		};
		7E5133522DB92A0100E469BF /* Frameworks */ = {
			isa = PBXFrameworksBuildPhase;
			buildActionMask = 2147483647;
			files = (
			);
			runOnlyForDeploymentPostprocessing = 0;
		};
		7E51335C2DB92A0100E469BF /* Frameworks */ = {
			isa = PBXFrameworksBuildPhase;
			buildActionMask = 2147483647;
			files = (
			);
			runOnlyForDeploymentPostprocessing = 0;
		};
/* End PBXFrameworksBuildPhase section */

/* Begin PBXGroup section */
		7E5133382DB929FE00E469BF = {
			isa = PBXGroup;
			children = (
				7E5133432DB929FE00E469BF /* CougarQuest */,
				7E5133582DB92A0100E469BF /* CougarQuestTests */,
				7E5133622DB92A0100E469BF /* CougarQuestUITests */,
				7E5133422DB929FE00E469BF /* Products */,
			);
			sourceTree = "<group>";
		};
		7E5133422DB929FE00E469BF /* Products */ = {
			isa = PBXGroup;
			children = (
				7E5133412DB929FE00E469BF /* CougarQuest.app */,
				7E5133552DB92A0100E469BF /* CougarQuestTests.xctest */,
				7E51335F2DB92A0100E469BF /* CougarQuestUITests.xctest */,
			);
			name = Products;
			sourceTree = "<group>";
		};
/* End PBXGroup section */

/* Begin PBXNativeTarget section */
		7E5133402DB929FE00E469BF /* CougarQuest */ = {
			isa = PBXNativeTarget;
			buildConfigurationList = 7E5133682DB92A0100E469BF /* Build configuration list for PBXNativeTarget "CougarQuest" */;
			buildPhases = (
				7E51333D2DB929FE00E469BF /* Sources */,
				7E51333E2DB929FE00E469BF /* Frameworks */,
				7E51333F2DB929FE00E469BF /* Resources */,
			);
			buildRules = (
			);
			dependencies = (
			);
			fileSystemSynchronizedGroups = (
				7E5133432DB929FE00E469BF /* CougarQuest */,
			);
			name = CougarQuest;
			packageProductDependencies = (
			);
			productName = CougarQuest;
			productReference = 7E5133412DB929FE00E469BF /* CougarQuest.app */;
			productType = "com.apple.product-type.application";
		};
		7E5133542DB92A0100E469BF /* CougarQuestTests */ = {
			isa = PBXNativeTarget;
			buildConfigurationList = 7E51336D2DB92A0100E469BF /* Build configuration list for PBXNativeTarget "CougarQuestTests" */;
			buildPhases = (
				7E5133512DB92A0100E469BF /* Sources */,
				7E5133522DB92A0100E469BF /* Frameworks */,
				7E5133532DB92A0100E469BF /* Resources */,
			);
			buildRules = (
			);
			dependencies = (
				7E5133572DB92A0100E469BF /* PBXTargetDependency */,
			);
			fileSystemSynchronizedGroups = (
				7E5133582DB92A0100E469BF /* CougarQuestTests */,
			);
			name = CougarQuestTests;
			packageProductDependencies = (
			);
			productName = CougarQuestTests;
			productReference = 7E5133552DB92A0100E469BF /* CougarQuestTests.xctest */;
			productType = "com.apple.product-type.bundle.unit-test";
		};
		7E51335E2DB92A0100E469BF /* CougarQuestUITests */ = {
			isa = PBXNativeTarget;
			buildConfigurationList = 7E5133702DB92A0100E469BF /* Build configuration list for PBXNativeTarget "CougarQuestUITests" */;
			buildPhases = (
				7E51335B2DB92A0100E469BF /* Sources */,
				7E51335C2DB92A0100E469BF /* Frameworks */,
				7E51335D2DB92A0100E469BF /* Resources */,
			);
			buildRules = (
			);
			dependencies = (
				7E5133612DB92A0100E469BF /* PBXTargetDependency */,
			);
			fileSystemSynchronizedGroups = (
				7E5133622DB92A0100E469BF /* CougarQuestUITests */,
			);
			name = CougarQuestUITests;
			packageProductDependencies = (
			);
			productName = CougarQuestUITests;
			productReference = 7E51335F2DB92A0100E469BF /* CougarQuestUITests.xctest */;
			productType = "com.apple.product-type.bundle.ui-testing";
		};
/* End PBXNativeTarget section */

/* Begin PBXProject section */
		7E5133392DB929FE00E469BF /* Project object */ = {
			isa = PBXProject;
			attributes = {
				BuildIndependentTargetsInParallel = 1;
				LastSwiftUpdateCheck = 1620;
				LastUpgradeCheck = 1620;
				TargetAttributes = {
					7E5133402DB929FE00E469BF = {
						CreatedOnToolsVersion = 16.2;
					};
					7E5133542DB92A0100E469BF = {
						CreatedOnToolsVersion = 16.2;
						TestTargetID = 7E5133402DB929FE00E469BF;
					};
					7E51335E2DB92A0100E469BF = {
						CreatedOnToolsVersion = 16.2;
						TestTargetID = 7E5133402DB929FE00E469BF;
					};
				};
			};
			buildConfigurationList = 7E51333C2DB929FE00E469BF /* Build configuration list for PBXProject "CougarQuest" */;
			developmentRegion = en;
			hasScannedForEncodings = 0;
			knownRegions = (
				en,
				Base,
			);
			mainGroup = 7E5133382DB929FE00E469BF;
			minimizedProjectReferenceProxies = 1;
			preferredProjectObjectVersion = 77;
			productRefGroup = 7E5133422DB929FE00E469BF /* Products */;
			projectDirPath = "";
			projectRoot = "";
			targets = (
				7E5133402DB929FE00E469BF /* CougarQuest */,
				7E5133542DB92A0100E469BF /* CougarQuestTests */,
				7E51335E2DB92A0100E469BF /* CougarQuestUITests */,
			);
		};
/* End PBXProject section */

/* Begin PBXResourcesBuildPhase section */
		7E51333F2DB929FE00E469BF /* Resources */ = {
			isa = PBXResourcesBuildPhase;
			buildActionMask = 2147483647;
			files = (
			);
			runOnlyForDeploymentPostprocessing = 0;
		};
		7E5133532DB92A0100E469BF /* Resources */ = {
			isa = PBXResourcesBuildPhase;
			buildActionMask = 2147483647;
			files = (
			);
			runOnlyForDeploymentPostprocessing = 0;
		};
		7E51335D2DB92A0100E469BF /* Resources */ = {
			isa = PBXResourcesBuildPhase;
			buildActionMask = 2147483647;
			files = (
			);
			runOnlyForDeploymentPostprocessing = 0;
		};
/* End PBXResourcesBuildPhase section */

/* Begin PBXSourcesBuildPhase section */
		7E51333D2DB929FE00E469BF /* Sources */ = {
			isa = PBXSourcesBuildPhase;
			buildActionMask = 2147483647;
			files = (
			);
			runOnlyForDeploymentPostprocessing = 0;
		};
		7E5133512DB92A0100E469BF /* Sources */ = {
			isa = PBXSourcesBuildPhase;
			buildActionMask = 2147483647;
			files = (
			);
			runOnlyForDeploymentPostprocessing = 0;
		};
		7E51335B2DB92A0100E469BF /* Sources */ = {
			isa = PBXSourcesBuildPhase;
			buildActionMask = 2147483647;
			files = (
			);
			runOnlyForDeploymentPostprocessing = 0;
		};
/* End PBXSourcesBuildPhase section */

/* Begin PBXTargetDependency section */
		7E5133572DB92A0100E469BF /* PBXTargetDependency */ = {
			isa = PBXTargetDependency;
			target = 7E5133402DB929FE00E469BF /* CougarQuest */;
			targetProxy = 7E5133562DB92A0100E469BF /* PBXContainerItemProxy */;
		};
		7E5133612DB92A0100E469BF /* PBXTargetDependency */ = {
			isa = PBXTargetDependency;
			target = 7E5133402DB929FE00E469BF /* CougarQuest */;
			targetProxy = 7E5133602DB92A0100E469BF /* PBXContainerItemProxy */;
		};
/* End PBXTargetDependency section */

/* Begin XCBuildConfiguration section */
		7E5133692DB92A0100E469BF /* Debug */ = {
			isa = XCBuildConfiguration;
			buildSettings = {
				ASSETCATALOG_COMPILER_APPICON_NAME = AppIcon;
				ASSETCATALOG_COMPILER_GLOBAL_ACCENT_COLOR_NAME = AccentColor;
				CODE_SIGN_ENTITLEMENTS = CougarQuest/CougarQuest.entitlements;
				CODE_SIGN_STYLE = Automatic;
				CURRENT_PROJECT_VERSION = 1;
				DEVELOPMENT_ASSET_PATHS = "\"CougarQuest/Preview Content\"";
				DEVELOPMENT_TEAM = M89Y628V4Q;
				ENABLE_PREVIEWS = YES;
				GENERATE_INFOPLIST_FILE = YES;
				INFOPLIST_FILE = CougarQuest/Info.plist;
				INFOPLIST_KEY_UIApplicationSceneManifest_Generation = YES;
				INFOPLIST_KEY_UIApplicationSupportsIndirectInputEvents = YES;
				INFOPLIST_KEY_UILaunchScreen_Generation = YES;
				INFOPLIST_KEY_UISupportedInterfaceOrientations_iPad = "UIInterfaceOrientationPortrait UIInterfaceOrientationPortraitUpsideDown UIInterfaceOrientationLandscapeLeft UIInterfaceOrientationLandscapeRight";
				INFOPLIST_KEY_UISupportedInterfaceOrientations_iPhone = "UIInterfaceOrientationPortrait UIInterfaceOrientationLandscapeLeft UIInterfaceOrientationLandscapeRight";
				LD_RUNPATH_SEARCH_PATHS = (
					"$(inherited)",
					"@executable_path/Frameworks",
				);
				MARKETING_VERSION = 1.0;
				PRODUCT_BUNDLE_IDENTIFIER = Tony.Stark.CougarQuest;
				PRODUCT_NAME = "$(TARGET_NAME)";
				SWIFT_EMIT_LOC_STRINGS = YES;
				SWIFT_VERSION = 5.0;
				TARGETED_DEVICE_FAMILY = "1,2";
			};
			name = Debug;
		};
		7E51336A2DB92A0100E469BF /* Release */ = {
			isa = XCBuildConfiguration;
			buildSettings = {
				ASSETCATALOG_COMPILER_APPICON_NAME = AppIcon;
				ASSETCATALOG_COMPILER_GLOBAL_ACCENT_COLOR_NAME = AccentColor;
				CODE_SIGN_ENTITLEMENTS = CougarQuest/CougarQuest.entitlements;
				CODE_SIGN_STYLE = Automatic;
				CURRENT_PROJECT_VERSION = 1;
				DEVELOPMENT_ASSET_PATHS = "\"CougarQuest/Preview Content\"";
				DEVELOPMENT_TEAM = M89Y628V4Q;
				ENABLE_PREVIEWS = YES;
				GENERATE_INFOPLIST_FILE = YES;
				INFOPLIST_FILE = CougarQuest/Info.plist;
				INFOPLIST_KEY_UIApplicationSceneManifest_Generation = YES;
				INFOPLIST_KEY_UIApplicationSupportsIndirectInputEvents = YES;
				INFOPLIST_KEY_UILaunchScreen_Generation = YES;
				INFOPLIST_KEY_UISupportedInterfaceOrientations_iPad = "UIInterfaceOrientationPortrait UIInterfaceOrientationPortraitUpsideDown UIInterfaceOrientationLandscapeLeft UIInterfaceOrientationLandscapeRight";
				INFOPLIST_KEY_UISupportedInterfaceOrientations_iPhone = "UIInterfaceOrientationPortrait UIInterfaceOrientationLandscapeLeft UIInterfaceOrientationLandscapeRight";
				LD_RUNPATH_SEARCH_PATHS = (
					"$(inherited)",
					"@executable_path/Frameworks",
				);
				MARKETING_VERSION = 1.0;
				PRODUCT_BUNDLE_IDENTIFIER = Tony.Stark.CougarQuest;
				PRODUCT_NAME = "$(TARGET_NAME)";
				SWIFT_EMIT_LOC_STRINGS = YES;
				SWIFT_VERSION = 5.0;
				TARGETED_DEVICE_FAMILY = "1,2";
			};
			name = Release;
		};
		7E51336B2DB92A0100E469BF /* Debug */ = {
			isa = XCBuildConfiguration;
			buildSettings = {
				ALWAYS_SEARCH_USER_PATHS = NO;
				ASSETCATALOG_COMPILER_GENERATE_SWIFT_ASSET_SYMBOL_EXTENSIONS = YES;
				CLANG_ANALYZER_NONNULL = YES;
				CLANG_ANALYZER_NUMBER_OBJECT_CONVERSION = YES_AGGRESSIVE;
				CLANG_CXX_LANGUAGE_STANDARD = "gnu++20";
				CLANG_ENABLE_MODULES = YES;
				CLANG_ENABLE_OBJC_ARC = YES;
				CLANG_ENABLE_OBJC_WEAK = YES;
				CLANG_WARN_BLOCK_CAPTURE_AUTORELEASING = YES;
				CLANG_WARN_BOOL_CONVERSION = YES;
				CLANG_WARN_COMMA = YES;
				CLANG_WARN_CONSTANT_CONVERSION = YES;
				CLANG_WARN_DEPRECATED_OBJC_IMPLEMENTATIONS = YES;
				CLANG_WARN_DIRECT_OBJC_ISA_USAGE = YES_ERROR;
				CLANG_WARN_DOCUMENTATION_COMMENTS = YES;
				CLANG_WARN_EMPTY_BODY = YES;
				CLANG_WARN_ENUM_CONVERSION = YES;
				CLANG_WARN_INFINITE_RECURSION = YES;
				CLANG_WARN_INT_CONVERSION = YES;
				CLANG_WARN_NON_LITERAL_NULL_CONVERSION = YES;
				CLANG_WARN_OBJC_IMPLICIT_RETAIN_SELF = YES;
				CLANG_WARN_OBJC_LITERAL_CONVERSION = YES;
				CLANG_WARN_OBJC_ROOT_CLASS = YES_ERROR;
				CLANG_WARN_QUOTED_INCLUDE_IN_FRAMEWORK_HEADER = YES;
				CLANG_WARN_RANGE_LOOP_ANALYSIS = YES;
				CLANG_WARN_STRICT_PROTOTYPES = YES;
				CLANG_WARN_SUSPICIOUS_MOVE = YES;
				CLANG_WARN_UNGUARDED_AVAILABILITY = YES_AGGRESSIVE;
				CLANG_WARN_UNREACHABLE_CODE = YES;
				CLANG_WARN__DUPLICATE_METHOD_MATCH = YES;
				COPY_PHASE_STRIP = NO;
				DEBUG_INFORMATION_FORMAT = dwarf;
				ENABLE_STRICT_OBJC_MSGSEND = YES;
				ENABLE_TESTABILITY = YES;
				ENABLE_USER_SCRIPT_SANDBOXING = YES;
				GCC_C_LANGUAGE_STANDARD = gnu17;
				GCC_DYNAMIC_NO_PIC = NO;
				GCC_NO_COMMON_BLOCKS = YES;
				GCC_OPTIMIZATION_LEVEL = 0;
				GCC_PREPROCESSOR_DEFINITIONS = (
					"DEBUG=1",
					"$(inherited)",
				);
				GCC_WARN_64_TO_32_BIT_CONVERSION = YES;
				GCC_WARN_ABOUT_RETURN_TYPE = YES_ERROR;
				GCC_WARN_UNDECLARED_SELECTOR = YES;
				GCC_WARN_UNINITIALIZED_AUTOS = YES_AGGRESSIVE;
				GCC_WARN_UNUSED_FUNCTION = YES;
				GCC_WARN_UNUSED_VARIABLE = YES;
				IPHONEOS_DEPLOYMENT_TARGET = 18.2;
				LOCALIZATION_PREFERS_STRING_CATALOGS = YES;
				MTL_ENABLE_DEBUG_INFO = INCLUDE_SOURCE;
				MTL_FAST_MATH = YES;
				ONLY_ACTIVE_ARCH = YES;
				SDKROOT = iphoneos;
				SWIFT_ACTIVE_COMPILATION_CONDITIONS = "DEBUG $(inherited)";
				SWIFT_OPTIMIZATION_LEVEL = "-Onone";
			};
			name = Debug;
		};
		7E51336C2DB92A0100E469BF /* Release */ = {
			isa = XCBuildConfiguration;
			buildSettings = {
				ALWAYS_SEARCH_USER_PATHS = NO;
				ASSETCATALOG_COMPILER_GENERATE_SWIFT_ASSET_SYMBOL_EXTENSIONS = YES;
				CLANG_ANALYZER_NONNULL = YES;
				CLANG_ANALYZER_NUMBER_OBJECT_CONVERSION = YES_AGGRESSIVE;
				CLANG_CXX_LANGUAGE_STANDARD = "gnu++20";
				CLANG_ENABLE_MODULES = YES;
				CLANG_ENABLE_OBJC_ARC = YES;
				CLANG_ENABLE_OBJC_WEAK = YES;
				CLANG_WARN_BLOCK_CAPTURE_AUTORELEASING = YES;
				CLANG_WARN_BOOL_CONVERSION = YES;
				CLANG_WARN_COMMA = YES;
				CLANG_WARN_CONSTANT_CONVERSION = YES;
				CLANG_WARN_DEPRECATED_OBJC_IMPLEMENTATIONS = YES;
				CLANG_WARN_DIRECT_OBJC_ISA_USAGE = YES_ERROR;
				CLANG_WARN_DOCUMENTATION_COMMENTS = YES;
				CLANG_WARN_EMPTY_BODY = YES;
				CLANG_WARN_ENUM_CONVERSION = YES;
				CLANG_WARN_INFINITE_RECURSION = YES;
				CLANG_WARN_INT_CONVERSION = YES;
				CLANG_WARN_NON_LITERAL_NULL_CONVERSION = YES;
				CLANG_WARN_OBJC_IMPLICIT_RETAIN_SELF = YES;
				CLANG_WARN_OBJC_LITERAL_CONVERSION = YES;
				CLANG_WARN_OBJC_ROOT_CLASS = YES_ERROR;
				CLANG_WARN_QUOTED_INCLUDE_IN_FRAMEWORK_HEADER = YES;
				CLANG_WARN_RANGE_LOOP_ANALYSIS = YES;
				CLANG_WARN_STRICT_PROTOTYPES = YES;
				CLANG_WARN_SUSPICIOUS_MOVE = YES;
				CLANG_WARN_UNGUARDED_AVAILABILITY = YES_AGGRESSIVE;
				CLANG_WARN_UNREACHABLE_CODE = YES;
				CLANG_WARN__DUPLICATE_METHOD_MATCH = YES;
				COPY_PHASE_STRIP = NO;
				DEBUG_INFORMATION_FORMAT = "dwarf-with-dsym";
				ENABLE_NS_ASSERTIONS = NO;
				ENABLE_STRICT_OBJC_MSGSEND = YES;
				ENABLE_USER_SCRIPT_SANDBOXING = YES;
				GCC_C_LANGUAGE_STANDARD = gnu17;
				GCC_NO_COMMON_BLOCKS = YES;
				GCC_WARN_64_TO_32_BIT_CONVERSION = YES;
				GCC_WARN_ABOUT_RETURN_TYPE = YES_ERROR;
				GCC_WARN_UNDECLARED_SELECTOR = YES;
				GCC_WARN_UNINITIALIZED_AUTOS = YES_AGGRESSIVE;
				GCC_WARN_UNUSED_FUNCTION = YES;
				GCC_WARN_UNUSED_VARIABLE = YES;
				IPHONEOS_DEPLOYMENT_TARGET = 18.2;
				LOCALIZATION_PREFERS_STRING_CATALOGS = YES;
				MTL_ENABLE_DEBUG_INFO = NO;
				MTL_FAST_MATH = YES;
				SDKROOT = iphoneos;
				SWIFT_COMPILATION_MODE = wholemodule;
				VALIDATE_PRODUCT = YES;
			};
			name = Release;
		};
		7E51336E2DB92A0100E469BF /* Debug */ = {
			isa = XCBuildConfiguration;
			buildSettings = {
				BUNDLE_LOADER = "$(TEST_HOST)";
				CODE_SIGN_STYLE = Automatic;
				CURRENT_PROJECT_VERSION = 1;
				DEVELOPMENT_TEAM = M89Y628V4Q;
				GENERATE_INFOPLIST_FILE = YES;
				IPHONEOS_DEPLOYMENT_TARGET = 18.2;
				MARKETING_VERSION = 1.0;
				PRODUCT_BUNDLE_IDENTIFIER = Tony.Stark.CougarQuestTests;
				PRODUCT_NAME = "$(TARGET_NAME)";
				SWIFT_EMIT_LOC_STRINGS = NO;
				SWIFT_VERSION = 5.0;
				TARGETED_DEVICE_FAMILY = "1,2";
				TEST_HOST = "$(BUILT_PRODUCTS_DIR)/CougarQuest.app/$(BUNDLE_EXECUTABLE_FOLDER_PATH)/CougarQuest";
			};
			name = Debug;
		};
		7E51336F2DB92A0100E469BF /* Release */ = {
			isa = XCBuildConfiguration;
			buildSettings = {
				BUNDLE_LOADER = "$(TEST_HOST)";
				CODE_SIGN_STYLE = Automatic;
				CURRENT_PROJECT_VERSION = 1;
				DEVELOPMENT_TEAM = M89Y628V4Q;
				GENERATE_INFOPLIST_FILE = YES;
				IPHONEOS_DEPLOYMENT_TARGET = 18.2;
				MARKETING_VERSION = 1.0;
				PRODUCT_BUNDLE_IDENTIFIER = Tony.Stark.CougarQuestTests;
				PRODUCT_NAME = "$(TARGET_NAME)";
				SWIFT_EMIT_LOC_STRINGS = NO;
				SWIFT_VERSION = 5.0;
				TARGETED_DEVICE_FAMILY = "1,2";
				TEST_HOST = "$(BUILT_PRODUCTS_DIR)/CougarQuest.app/$(BUNDLE_EXECUTABLE_FOLDER_PATH)/CougarQuest";
			};
			name = Release;
		};
		7E5133712DB92A0100E469BF /* Debug */ = {
			isa = XCBuildConfiguration;
			buildSettings = {
				CODE_SIGN_STYLE = Automatic;
				CURRENT_PROJECT_VERSION = 1;
				DEVELOPMENT_TEAM = M89Y628V4Q;
				GENERATE_INFOPLIST_FILE = YES;
				MARKETING_VERSION = 1.0;
				PRODUCT_BUNDLE_IDENTIFIER = Tony.Stark.CougarQuestUITests;
				PRODUCT_NAME = "$(TARGET_NAME)";
				SWIFT_EMIT_LOC_STRINGS = NO;
				SWIFT_VERSION = 5.0;
				TARGETED_DEVICE_FAMILY = "1,2";
				TEST_TARGET_NAME = CougarQuest;
			};
			name = Debug;
		};
		7E5133722DB92A0100E469BF /* Release */ = {
			isa = XCBuildConfiguration;
			buildSettings = {
				CODE_SIGN_STYLE = Automatic;
				CURRENT_PROJECT_VERSION = 1;
				DEVELOPMENT_TEAM = M89Y628V4Q;
				GENERATE_INFOPLIST_FILE = YES;
				MARKETING_VERSION = 1.0;
				PRODUCT_BUNDLE_IDENTIFIER = Tony.Stark.CougarQuestUITests;
				PRODUCT_NAME = "$(TARGET_NAME)";
				SWIFT_EMIT_LOC_STRINGS = NO;
				SWIFT_VERSION = 5.0;
				TARGETED_DEVICE_FAMILY = "1,2";
				TEST_TARGET_NAME = CougarQuest;
			};
			name = Release;
		};
/* End XCBuildConfiguration section */

/* Begin XCConfigurationList section */
		7E51333C2DB929FE00E469BF /* Build configuration list for PBXProject "CougarQuest" */ = {
			isa = XCConfigurationList;
			buildConfigurations = (
				7E51336B2DB92A0100E469BF /* Debug */,
				7E51336C2DB92A0100E469BF /* Release */,
			);
			defaultConfigurationIsVisible = 0;
			defaultConfigurationName = Release;
		};
		7E5133682DB92A0100E469BF /* Build configuration list for PBXNativeTarget "CougarQuest" */ = {
			isa = XCConfigurationList;
			buildConfigurations = (
				7E5133692DB92A0100E469BF /* Debug */,
				7E51336A2DB92A0100E469BF /* Release */,
			);
			defaultConfigurationIsVisible = 0;
			defaultConfigurationName = Release;
		};
		7E51336D2DB92A0100E469BF /* Build configuration list for PBXNativeTarget "CougarQuestTests" */ = {
			isa = XCConfigurationList;
			buildConfigurations = (
				7E51336E2DB92A0100E469BF /* Debug */,
				7E51336F2DB92A0100E469BF /* Release */,
			);
			defaultConfigurationIsVisible = 0;
			defaultConfigurationName = Release;
		};
		7E5133702DB92A0100E469BF /* Build configuration list for PBXNativeTarget "CougarQuestUITests" */ = {
			isa = XCConfigurationList;
			buildConfigurations = (
				7E5133712DB92A0100E469BF /* Debug */,
				7E5133722DB92A0100E469BF /* Release */,
			);
			defaultConfigurationIsVisible = 0;
			defaultConfigurationName = Release;
		};
/* End XCConfigurationList section */
	};
	rootObject = 7E5133392DB929FE00E469BF /* Project object */;
}
